# Generated by conda-lock.
# platform: linux-64
# input_hash: a9eef2b48cc4ff65a553fd8ae4228be5c29684bf4594a24c38e1b90a789174c7
@EXPLICIT
https://conda.anaconda.org/conda-forge/linux-64/_libgcc_mutex-0.1-conda_forge.tar.bz2#d7c89558ba9fa0495403155b64376d81
https://conda.anaconda.org/conda-forge/linux-64/_py-xgboost-mutex-2.0-cpu_0.tar.bz2#23b8f98a355030331f40d0245492f715
https://conda.anaconda.org/conda-forge/noarch/_r-mutex-1.0.1-anacondar_1.tar.bz2#19f9db5f4f1b7f5ef5f6d67207f25f38
https://conda.anaconda.org/conda-forge/linux-64/ca-certificates-2021.10.8-ha878542_0.tar.bz2#575611b8a84f45960e87722eeb51fa26
https://conda.anaconda.org/conda-forge/noarch/font-ttf-dejavu-sans-mono-2.37-hab24e00_0.tar.bz2#0c96522c6bdaed4b1566d11387caaf45
https://conda.anaconda.org/conda-forge/noarch/font-ttf-inconsolata-3.000-h77eed37_0.tar.bz2#34893075a5c9e55cdafac56607368fc6
https://conda.anaconda.org/conda-forge/noarch/font-ttf-source-code-pro-2.038-h77eed37_0.tar.bz2#4d59c254e01d9cde7957100457e2d5fb
https://conda.anaconda.org/conda-forge/noarch/font-ttf-ubuntu-0.83-hab24e00_0.tar.bz2#19410c3df09dfb12d1206132a1d357c5
https://conda.anaconda.org/conda-forge/noarch/kernel-headers_linux-64-2.6.32-he073ed8_15.tar.bz2#5dd5127afd710f91f6a75821bac0a4f0
https://conda.anaconda.org/conda-forge/linux-64/ld_impl_linux-64-2.36.1-hea4e1c9_2.tar.bz2#bd4f2e711b39af170e7ff15163fe87ee
https://conda.anaconda.org/conda-forge/linux-64/libgcc-devel_linux-64-9.4.0-hd854feb_11.tar.bz2#db20b3d6b359c3ca9674ad3f33562bab
https://conda.anaconda.org/conda-forge/linux-64/libgfortran5-11.2.0-h5c6108e_11.tar.bz2#2dcb18a9a0fa31f4f29e5a9b3eade394
https://conda.anaconda.org/conda-forge/linux-64/libstdcxx-devel_linux-64-9.4.0-hd854feb_11.tar.bz2#74ffe15d508b9d20e5a8ed33ebfc5481
https://conda.anaconda.org/conda-forge/linux-64/libstdcxx-ng-11.2.0-he4da1e4_11.tar.bz2#0bf83958e788f1e75ba26154cb702afe
https://conda.anaconda.org/conda-forge/linux-64/mpi-1.0-mpich.tar.bz2#c1fcff3417b5a22bbc4cf6e8c23648cf
https://conda.anaconda.org/conda-forge/noarch/poppler-data-0.4.11-hd8ed1ab_0.tar.bz2#abc27381c4f005da588cffa1f76403ee
https://conda.anaconda.org/conda-forge/noarch/tzdata-2021e-he74cb21_0.tar.bz2#a751ec502589ebdc2eceb183ff602569
https://conda.anaconda.org/conda-forge/linux-64/xorg-imake-1.0.7-0.tar.bz2#23acfc5a339a6a34cc2241f64e4111be
https://conda.anaconda.org/conda-forge/noarch/fonts-conda-forge-1-0.tar.bz2#f766549260d6815b0c52253f1fb1bb29
https://conda.anaconda.org/conda-forge/linux-64/libgfortran-ng-11.2.0-h69a702a_11.tar.bz2#4ea2f9f83b617a7682e8aa05dcb37c6a
https://conda.anaconda.org/conda-forge/linux-64/libgomp-11.2.0-h1d223b6_11.tar.bz2#1d16527c76842bf9c41e9399d39d8097
https://conda.anaconda.org/conda-forge/noarch/sysroot_linux-64-2.12-he073ed8_15.tar.bz2#66c192522eacf5bb763568b4e415d133
https://conda.anaconda.org/conda-forge/linux-64/_openmp_mutex-4.5-1_gnu.tar.bz2#561e277319a41d4f24f5c05a9ef63c04
https://conda.anaconda.org/conda-forge/linux-64/binutils_impl_linux-64-2.36.1-h193b22a_2.tar.bz2#32aae4265554a47ea77f7c09f86aeb3b
https://conda.anaconda.org/conda-forge/noarch/fonts-conda-ecosystem-1-0.tar.bz2#fee5683a3f04bd15cbd8318b096a27ab
https://conda.anaconda.org/conda-forge/linux-64/binutils-2.36.1-hdd6e379_2.tar.bz2#3111f86041b5b6863545ca49130cca95
https://conda.anaconda.org/conda-forge/linux-64/binutils_linux-64-2.36-hf3e587d_4.tar.bz2#a6d24ed098bb6850f4ef44aeea1be61d
https://conda.anaconda.org/conda-forge/linux-64/libgcc-ng-11.2.0-h1d223b6_11.tar.bz2#e3495f4f93cfd6b68021cbe2b5844cd5
https://conda.anaconda.org/conda-forge/linux-64/blosc-1.21.0-h9c3ff4c_0.tar.bz2#5e815e5126c6f7e34ab4496fa1b48dca
https://conda.anaconda.org/conda-forge/linux-64/bzip2-1.0.8-h7f98852_4.tar.bz2#a1fd65c7ccbf10880423d82bca54eb54
https://conda.anaconda.org/conda-forge/linux-64/c-ares-1.18.1-h7f98852_0.tar.bz2#f26ef8098fab1f719c91eb760d63381a
https://conda.anaconda.org/conda-forge/linux-64/expat-2.4.2-h9c3ff4c_0.tar.bz2#0fb039650fa638f258fdc9e9ef125f52
https://conda.anaconda.org/conda-forge/linux-64/fftw-3.3.10-nompi_h77c792f_102.tar.bz2#208f18b1d596b50c6a92a12b30ebe31f
https://conda.anaconda.org/conda-forge/linux-64/freexl-1.0.6-h7f98852_0.tar.bz2#fb707484f02b122edec5fe3d1f3f552f
https://conda.anaconda.org/conda-forge/linux-64/fribidi-1.0.10-h36c2ea0_0.tar.bz2#ac7bc6a654f8f41b352b38f4051135f8
https://conda.anaconda.org/conda-forge/linux-64/geos-3.10.1-h9c3ff4c_1.tar.bz2#17a5f413039ce1e105fab5df9c668eb5
https://conda.anaconda.org/conda-forge/linux-64/ghostscript-9.54.0-h9c3ff4c_1.tar.bz2#2eb5ce7f443ceba2e0550b384a073d17
https://conda.anaconda.org/conda-forge/linux-64/giflib-5.2.1-h36c2ea0_2.tar.bz2#626e68ae9cc5912d6adb79d318cf962d
https://conda.anaconda.org/conda-forge/linux-64/gmp-6.2.1-h58526e2_0.tar.bz2#b94cf2db16066b242ebd26db2facbd56
https://conda.anaconda.org/conda-forge/linux-64/graphite2-1.3.13-h58526e2_1001.tar.bz2#8c54672728e8ec6aa6db90cf2806d220
https://conda.anaconda.org/conda-forge/linux-64/icu-69.1-h9c3ff4c_0.tar.bz2#e0773c9556d588b062a4e1424a6a02fa
https://conda.anaconda.org/conda-forge/linux-64/jbig-2.1-h7f98852_2003.tar.bz2#1aa0cee79792fa97b7ff4545110b60bf
https://conda.anaconda.org/conda-forge/linux-64/jpeg-9d-h36c2ea0_0.tar.bz2#ea02ce6037dbe81803ae6123e5ba1568
https://conda.anaconda.org/conda-forge/linux-64/json-c-0.15-h98cffda_0.tar.bz2#f32d45a88e7462be446824654dbcf4a4
https://conda.anaconda.org/conda-forge/linux-64/lerc-3.0-h9c3ff4c_0.tar.bz2#7fcefde484980d23f0ec24c11e314d2e
https://conda.anaconda.org/conda-forge/linux-64/libaec-1.0.6-h9c3ff4c_0.tar.bz2#c77f5e4e418fa47d699d6afa54c5d444
https://conda.anaconda.org/conda-forge/linux-64/libbrotlicommon-1.0.9-h7f98852_6.tar.bz2#b0f44f63f7d771d7670747a1dd5d5ac1
https://conda.anaconda.org/conda-forge/linux-64/libdeflate-1.8-h7f98852_0.tar.bz2#91d22aefa665265e8e31988b15145c8a
https://conda.anaconda.org/conda-forge/linux-64/libev-4.33-h516909a_1.tar.bz2#6f8720dff19e17ce5d48cfe7f3d2f0a3
https://conda.anaconda.org/conda-forge/linux-64/libffi-3.4.2-h7f98852_5.tar.bz2#d645c6d2ac96843a2bfaccd2d62b3ac3
https://conda.anaconda.org/conda-forge/linux-64/libglu-9.0.0-he1b5a44_1001.tar.bz2#8208602aec4826053c116552369a394c
https://conda.anaconda.org/conda-forge/linux-64/libiconv-1.16-h516909a_0.tar.bz2#5c0f338a513a2943c659ae619fca9211
https://conda.anaconda.org/conda-forge/linux-64/libnsl-2.0.0-h7f98852_0.tar.bz2#39b1328babf85c7c3a61636d9cd50206
https://conda.anaconda.org/conda-forge/linux-64/libopenblas-0.3.18-pthreads_h8fe5266_0.tar.bz2#41532e4448c0cce086d6570f95e4e12e
https://conda.anaconda.org/conda-forge/linux-64/libopenblas-ilp64-0.3.18-pthreads_h0aa5bea_0.tar.bz2#ce1c0ce80a9ed27da9c1761a1c6fd6aa
https://conda.anaconda.org/conda-forge/linux-64/libsanitizer-9.4.0-h79bfe98_11.tar.bz2#25da5fb8de6c9fd7eb5b465acd87a5b3
https://conda.anaconda.org/conda-forge/linux-64/libtool-2.4.6-h9c3ff4c_1008.tar.bz2#16e143a1ed4b4fd169536373957f6fee
https://conda.anaconda.org/conda-forge/linux-64/libunwind-1.5.0-h9c3ff4c_1.tar.bz2#86013a9a31edf0d8dca46e32dd7b14e6
https://conda.anaconda.org/conda-forge/linux-64/libutf8proc-2.7.0-h7f98852_0.tar.bz2#913570ed14b42cf48ccbba364af20302
https://conda.anaconda.org/conda-forge/linux-64/libuuid-2.32.1-h7f98852_1000.tar.bz2#772d69f030955d9646d3d0eaf21d859d
https://conda.anaconda.org/conda-forge/linux-64/libwebp-base-1.2.1-h7f98852_0.tar.bz2#90607c4c0247f04ec98b48997de71c1a
https://conda.anaconda.org/conda-forge/linux-64/libxgboost-1.5.0-h9c3ff4c_1.tar.bz2#a6b0339f093f3efd5e57636d3013a1c9
https://conda.anaconda.org/conda-forge/linux-64/libzlib-1.2.11-h36c2ea0_1013.tar.bz2#dcddf696ff5dfcab567100d691678e18
https://conda.anaconda.org/conda-forge/linux-64/lz4-c-1.9.3-h9c3ff4c_1.tar.bz2#fbe97e8fa6f275d7c76a09e795adc3e6
https://conda.anaconda.org/conda-forge/linux-64/make-4.3-hd18ef5c_1.tar.bz2#4049ebfd3190b580dffe76daed26155a
https://conda.anaconda.org/conda-forge/linux-64/mbedtls-3.1.0-h9c3ff4c_1.tar.bz2#0641a134a6cebf84ded37398d93c0a51
https://conda.anaconda.org/conda-forge/linux-64/metis-5.1.0-h58526e2_1006.tar.bz2#d099b812378b1e133c12e3b75167d83a
https://conda.anaconda.org/conda-forge/linux-64/mpich-3.4.3-h846660c_100.tar.bz2#1bb747e2de717cb9a6501d72539d6556
https://conda.anaconda.org/conda-forge/linux-64/ncurses-6.2-h58526e2_4.tar.bz2#509f2a21c4a09214cd737a480dfd80c9
https://conda.anaconda.org/conda-forge/linux-64/nspr-4.32-h9c3ff4c_1.tar.bz2#29ded371806431b0499aaee146abfc3e
https://conda.anaconda.org/conda-forge/linux-64/openlibm-0.7.5-h7f98852_0.tar.bz2#1d62208586da96232892e9dbd7e0227b
https://conda.anaconda.org/conda-forge/linux-64/openssl-1.1.1l-h7f98852_0.tar.bz2#de7b38a1542dbe6f41653a8ae71adc53
https://conda.anaconda.org/conda-forge/linux-64/ossuuid-1.6.2-hf484d3e_1000.tar.bz2#0ca24876ead80a9290d3936aea5fefb1
https://conda.anaconda.org/conda-forge/linux-64/p7zip-16.02-h9c3ff4c_1000.tar.bz2#c9e93fcf6056a0414659615a80b83a0d
https://conda.anaconda.org/conda-forge/linux-64/pcre-8.45-h9c3ff4c_0.tar.bz2#c05d1820a6d34ff07aaaab7a9b7eddaa
https://conda.anaconda.org/conda-forge/linux-64/perl-5.32.1-1_h7f98852_perl5.tar.bz2#fd3af8340768b6e562bf0308077162df
https://conda.anaconda.org/conda-forge/linux-64/pixman-0.40.0-h36c2ea0_0.tar.bz2#660e72c82f2e75a6b3fe6a6e75c79f19
https://conda.anaconda.org/conda-forge/linux-64/pkg-config-0.29.2-h36c2ea0_1008.tar.bz2#fbef41ff6a4c8140c30057466a1cdd47
https://conda.anaconda.org/conda-forge/linux-64/pthread-stubs-0.4-h36c2ea0_1001.tar.bz2#22dad4df6e8630e8dff2428f6f6a7036
https://conda.anaconda.org/conda-forge/linux-64/sed-4.8-he412f7d_0.tar.bz2#7362f0042e95681f5d371c46c83ebd08
https://conda.anaconda.org/conda-forge/linux-64/tbb-2021.5.0-h4bd325d_0.tar.bz2#177212960e0beb4323deaee9d17afd2a
https://conda.anaconda.org/conda-forge/linux-64/tzcode-2021e-h7f98852_0.tar.bz2#68f160505f506e8a688d3450dc3f437c
https://conda.anaconda.org/conda-forge/linux-64/xorg-inputproto-2.3.2-h7f98852_1002.tar.bz2#bcd1b3396ec6960cbc1d2855a9e60b2b
https://conda.anaconda.org/conda-forge/linux-64/xorg-kbproto-1.0.7-h7f98852_1002.tar.bz2#4b230e8381279d76131116660f5a241a
https://conda.anaconda.org/conda-forge/linux-64/xorg-libice-1.0.10-h7f98852_0.tar.bz2#d6b0b50b49eccfe0be0373be628be0f3
https://conda.anaconda.org/conda-forge/linux-64/xorg-libxau-1.0.9-h7f98852_0.tar.bz2#bf6f803a544f26ebbdc3bfff272eb179
https://conda.anaconda.org/conda-forge/linux-64/xorg-libxdmcp-1.1.3-h7f98852_0.tar.bz2#be93aabceefa2fac576e971aef407908
https://conda.anaconda.org/conda-forge/linux-64/xorg-makedepend-1.0.6-he1b5a44_1.tar.bz2#a7d2b69269485a2fc32bcdd9f1bcdc81
https://conda.anaconda.org/conda-forge/linux-64/xorg-renderproto-0.11.1-h7f98852_1002.tar.bz2#06feff3d2634e3097ce2fe681474b534
https://conda.anaconda.org/conda-forge/linux-64/xorg-xextproto-7.3.0-h7f98852_1002.tar.bz2#1e15f6ad85a7d743a2ac68dae6c82b98
https://conda.anaconda.org/conda-forge/linux-64/xorg-xproto-7.0.31-h7f98852_1007.tar.bz2#b4a4381d54784606820704f7b5f05a15
https://conda.anaconda.org/conda-forge/linux-64/xxhash-0.8.0-h7f98852_3.tar.bz2#52402c791f35e414e704b7a113f99605
https://conda.anaconda.org/conda-forge/linux-64/xz-5.2.5-h516909a_1.tar.bz2#33f601066901f3e1a85af3522a8113f9
https://conda.anaconda.org/conda-forge/linux-64/yaml-0.2.5-h7f98852_2.tar.bz2#4cb3ad778ec2d5a7acbdf254eb1c42ae
https://conda.anaconda.org/conda-forge/linux-64/gcc_impl_linux-64-9.4.0-h03d3576_11.tar.bz2#af63ecae331d9d8f40727eb7db93eeee
https://conda.anaconda.org/conda-forge/linux-64/gettext-0.19.8.1-h73d1719_1008.tar.bz2#af49250eca8e139378f8ff0ae9e57251
https://conda.anaconda.org/conda-forge/linux-64/libblas-3.9.0-12_linux64_openblas.tar.bz2#4f93ba28c628a2c27cf39c055e6b219c
https://conda.anaconda.org/conda-forge/linux-64/libbrotlidec-1.0.9-h7f98852_6.tar.bz2#c7c03a2592cac92246a13a0732bd1573
https://conda.anaconda.org/conda-forge/linux-64/libbrotlienc-1.0.9-h7f98852_6.tar.bz2#28bfe0a70154e6881da7bae97517c948
https://conda.anaconda.org/conda-forge/linux-64/libedit-3.1.20191231-he28a2e2_2.tar.bz2#4d331e44109e3f0e19b4cb8f9b82f3e1
https://conda.anaconda.org/conda-forge/linux-64/librttopo-1.1.0-h30b5eef_8.tar.bz2#f66c7e0fe5d2e2511bc8e6dfbc24b790
https://conda.anaconda.org/conda-forge/linux-64/libxcb-1.13-h7f98852_1004.tar.bz2#b3653fdc58d03face9724f602218a904
https://conda.anaconda.org/conda-forge/linux-64/mpfr-4.1.0-h9202a9a_1.tar.bz2#ea9ebeddb066da8fad4a815e61b139be
https://conda.anaconda.org/conda-forge/linux-64/openblas-ilp64-0.3.18-pthreads_h3d04fff_0.tar.bz2#2216707d1803e3911c2937ff27c9b752
https://conda.anaconda.org/conda-forge/linux-64/readline-8.1-h46c0cb4_0.tar.bz2#5788de3c8d7a7d64ac56c784c4ef48e6
https://conda.anaconda.org/conda-forge/linux-64/udunits2-2.2.27.27-hc3e0081_3.tar.bz2#a47110f41fcbf88fcdf8549d7f69a6d8
https://conda.anaconda.org/conda-forge/linux-64/xerces-c-3.2.3-h8ce2273_4.tar.bz2#b313f2002c5534313e3b2b74a76a051b
https://conda.anaconda.org/conda-forge/linux-64/xorg-fixesproto-5.0-h7f98852_1002.tar.bz2#65ad6e1eb4aed2b0611855aff05e04f6
https://conda.anaconda.org/conda-forge/linux-64/xorg-libsm-1.2.3-hd9c2040_1000.tar.bz2#9e856f78d5c80d5a78f61e72d1d473a3
https://conda.anaconda.org/conda-forge/linux-64/zlib-1.2.11-h36c2ea0_1013.tar.bz2#cf7190238072a41e9579e4476a6a60b8
https://conda.anaconda.org/conda-forge/linux-64/zstd-1.5.1-ha95c52a_0.tar.bz2#4eec219a4bd69c11579601804cec5baf
https://conda.anaconda.org/conda-forge/linux-64/boost-cpp-1.74.0-h359cf19_5.tar.bz2#5778a2e0609975fac9b24ed637180d28
https://conda.anaconda.org/conda-forge/linux-64/brotli-bin-1.0.9-h7f98852_6.tar.bz2#9e94bf16f14c78a36561d5019f490d22
https://conda.anaconda.org/conda-forge/linux-64/gcc-9.4.0-h192d537_4.tar.bz2#faed216b99e622e5b7eeded66b9e3de3
https://conda.anaconda.org/conda-forge/linux-64/gcc_linux-64-9.4.0-h391b98a_4.tar.bz2#63f497ed4daef2058f93dc01d7954d74
https://conda.anaconda.org/conda-forge/linux-64/gfortran_impl_linux-64-9.4.0-h0003116_11.tar.bz2#2c21b8ffe4c2ce138ec56943ac7a95f8
https://conda.anaconda.org/conda-forge/linux-64/gxx_impl_linux-64-9.4.0-h03d3576_11.tar.bz2#c0c0f0e29f95fa2d9ca1e62d1ea81dcc
https://conda.anaconda.org/conda-forge/linux-64/hdf4-4.2.15-h10796ff_3.tar.bz2#21a8d66dc17f065023b33145c42652fe
https://conda.anaconda.org/conda-forge/linux-64/libcblas-3.9.0-12_linux64_openblas.tar.bz2#2e5082d4a9a18c21100e6ce5b6bcb4ec
https://conda.anaconda.org/conda-forge/linux-64/libglib-2.70.2-h174f98d_1.tar.bz2#d03a54631298fd1ab732ff65f6ed3a07
https://conda.anaconda.org/conda-forge/linux-64/liblapack-3.9.0-12_linux64_openblas.tar.bz2#9f401a6807a97e0c859d7522ae3d51ec
https://conda.anaconda.org/conda-forge/linux-64/libnghttp2-1.43.0-h812cca2_1.tar.bz2#d0a7846b7b3b8fb0d8b36904a53b8155
https://conda.anaconda.org/conda-forge/linux-64/libpng-1.6.37-h21135ba_2.tar.bz2#b6acf807307d033d4b7e758b4f44b036
https://conda.anaconda.org/conda-forge/linux-64/libssh2-1.10.0-ha56f1ee_2.tar.bz2#6ab4eaa11ff01801cffca0a27489dc04
https://conda.anaconda.org/conda-forge/linux-64/libtiff-4.3.0-h6f004c6_2.tar.bz2#34fda41ca84e67232888c9a885903055
https://conda.anaconda.org/conda-forge/linux-64/libxml2-2.9.12-h885dcf4_1.tar.bz2#d1355eaa48f465782f228275a0a69771
https://conda.anaconda.org/conda-forge/linux-64/libzip-1.8.0-h4de3113_1.tar.bz2#175a746a43d42c053b91aa765fbc197d
https://conda.anaconda.org/conda-forge/linux-64/pcre2-10.37-h032f7d1_0.tar.bz2#6469e4602e914febe6f057ad2271a54e
https://conda.anaconda.org/conda-forge/linux-64/sqlite-3.37.0-h9cd32fc_0.tar.bz2#eb66fc098824d25518a79e83d12a81d6
https://conda.anaconda.org/conda-forge/linux-64/tk-8.6.11-h27826a3_1.tar.bz2#84e76fb280e735fec1efd2d21fd9cb27
https://conda.anaconda.org/conda-forge/linux-64/xorg-libx11-1.7.2-h7f98852_0.tar.bz2#12a61e640b8894504326aadafccbb790
https://conda.anaconda.org/conda-forge/linux-64/arpack-3.7.0-hdefa2d7_2.tar.bz2#8763fe86163198ef1778d1d8d22bb078
https://conda.anaconda.org/conda-forge/linux-64/atk-1.0-2.36.0-h3371d22_4.tar.bz2#661e1ed5d92552785d9f8c781ce68685
https://conda.anaconda.org/conda-forge/linux-64/brotli-1.0.9-h7f98852_6.tar.bz2#612385c4a83edb0619fe911d9da317f4
https://conda.anaconda.org/conda-forge/linux-64/bwidget-1.9.14-ha770c72_1.tar.bz2#5746d6202ba2abad4a4707f2a2462795
https://conda.anaconda.org/conda-forge/linux-64/c-compiler-1.3.0-h7f98852_0.tar.bz2#543ebd7ec7822fc5fb0284adfa3ba284
https://conda.anaconda.org/conda-forge/linux-64/freetype-2.10.4-h0708190_1.tar.bz2#4a06f2ac2e5bfae7b6b245171c3f07aa
https://conda.anaconda.org/conda-forge/linux-64/gdk-pixbuf-2.42.6-h04a7f16_0.tar.bz2#b24a1e18325a6e8f8b6b4a2ec5860ce2
https://conda.anaconda.org/conda-forge/linux-64/gfortran_linux-64-9.4.0-hf0ab688_4.tar.bz2#095482ceb6fc57868c2382e4edef6587
https://conda.anaconda.org/conda-forge/linux-64/gsl-2.7-he838d99_0.tar.bz2#fec079ba39c9cca093bf4c00001825de
https://conda.anaconda.org/conda-forge/linux-64/gts-0.7.6-h64030ff_2.tar.bz2#112eb9b5b93f0c02e59aea4fd1967363
https://conda.anaconda.org/conda-forge/linux-64/gxx-9.4.0-h192d537_4.tar.bz2#14378cad9ea94ab442af3f463be14ea4
https://conda.anaconda.org/conda-forge/linux-64/gxx_linux-64-9.4.0-h0316aca_4.tar.bz2#a666cf76587fc77df450416f48d7e315
https://conda.anaconda.org/conda-forge/linux-64/hdfeos2-2.20-h64bfcee_1000.tar.bz2#9c91179c3287e9b7d4ead20e1d5c0664
https://conda.anaconda.org/conda-forge/linux-64/krb5-1.19.2-hcc1bbae_3.tar.bz2#e29650992ae593bc05fc93722483e5c3
https://conda.anaconda.org/conda-forge/linux-64/lcms2-2.12-hddcbb42_0.tar.bz2#797117394a4aa588de6d741b06fad80f
https://conda.anaconda.org/conda-forge/linux-64/libgit2-1.3.0-hee63804_1.tar.bz2#924bcc751c9587f2a65e72fca79906ca
https://conda.anaconda.org/conda-forge/linux-64/libkml-1.3.0-h238a007_1014.tar.bz2#abd8e196ad04781818acef26cc451d66
https://conda.anaconda.org/conda-forge/linux-64/libwebp-1.2.1-h3452ae3_0.tar.bz2#6d4bf6265d998b6c975c26a6a24062a2
https://conda.anaconda.org/conda-forge/linux-64/libxslt-1.1.33-h0ef7038_3.tar.bz2#ca2c576cb3b085f0af346d5016a260e3
https://conda.anaconda.org/conda-forge/linux-64/nss-3.74-hb5efdd6_0.tar.bz2#136876ca50177058594f6c2944e95c40
https://conda.anaconda.org/conda-forge/linux-64/openjpeg-2.4.0-hb52868f_1.tar.bz2#b7ad78ad2e9ee155f59e6428406ee824
https://conda.anaconda.org/conda-forge/linux-64/python-3.10.2-h62f1059_0_cpython.tar.bz2#0c2b22d5bc182fad6f5ed57b7887441a
https://conda.anaconda.org/conda-forge/linux-64/suitesparse-5.10.1-h9e50725_1.tar.bz2#a3a685b5f9aeb890ed874502fe56accf
https://conda.anaconda.org/conda-forge/linux-64/tktable-2.10-hb7b940f_3.tar.bz2#ea4d0879e40211fa26f38d8986db1bbe
https://conda.anaconda.org/conda-forge/linux-64/xorg-libxext-1.3.4-h7f98852_1.tar.bz2#536cc5db4d0a3ba0630541aec064b5e4
https://conda.anaconda.org/conda-forge/linux-64/xorg-libxfixes-5.0.3-h7f98852_1004.tar.bz2#e9a21aa4d5e3e5f1aed71e8cefd46b6a
https://conda.anaconda.org/conda-forge/linux-64/xorg-libxrender-0.9.10-h7f98852_1003.tar.bz2#f59c1242cc1dd93e72c2ee2b360979eb
https://conda.anaconda.org/conda-forge/linux-64/xorg-libxt-1.2.1-h7f98852_2.tar.bz2#60d6eec5273f1c9af096c10c268912e3
https://conda.anaconda.org/conda-forge/noarch/affine-2.3.0-py_0.tar.bz2#5a9bfe23652d0ad9aa27e56cd75bfe33
https://conda.anaconda.org/conda-forge/noarch/attrs-21.4.0-pyhd8ed1ab_0.tar.bz2#f70280205d7044c8b8358c8de3190e5d
https://conda.anaconda.org/conda-forge/noarch/charset-normalizer-2.0.10-pyhd8ed1ab_0.tar.bz2#ea77236c8031cfa821720b21b4cb0ceb
https://conda.anaconda.org/conda-forge/noarch/cloudpickle-2.0.0-pyhd8ed1ab_0.tar.bz2#3a8fc8b627d5fb6af827e126a10a86c6
https://conda.anaconda.org/conda-forge/linux-64/cxx-compiler-1.3.0-h4bd325d_0.tar.bz2#0fbd916fafd28bc73ba5b9855fdfc94d
https://conda.anaconda.org/conda-forge/noarch/cycler-0.11.0-pyhd8ed1ab_0.tar.bz2#a50559fad0affdbb33729a68669ca1cb
https://conda.anaconda.org/conda-forge/noarch/defusedxml-0.7.1-pyhd8ed1ab_0.tar.bz2#961b3a227b437d82ad7054484cfa71b2
https://conda.anaconda.org/conda-forge/linux-64/fontconfig-2.13.1-hba837de_1005.tar.bz2#fd3611672eb91bc9d24fd6fb970037eb
https://conda.anaconda.org/conda-forge/noarch/fsspec-2022.1.0-pyhd8ed1ab_0.tar.bz2#188e095f4dc38887bb48b065734b9e8d
https://conda.anaconda.org/conda-forge/linux-64/gfortran-9.4.0-h2018a41_4.tar.bz2#40dfd81369af384aa772b09f7f1899ec
https://conda.anaconda.org/conda-forge/noarch/heapdict-1.0.1-py_0.tar.bz2#77242bfb1e74a627fb06319b5a2d3b95
https://conda.anaconda.org/conda-forge/noarch/idna-3.1-pyhd3deb0d_0.tar.bz2#9c9aea4b8391264477df484f798562d0
https://conda.anaconda.org/conda-forge/linux-64/libcurl-7.81.0-h2574ce0_0.tar.bz2#1f8655741d0269ca6756f131522da1e8
https://conda.anaconda.org/conda-forge/linux-64/libpq-14.1-hd57d9b9_1.tar.bz2#a7024916bfdf33a014a0cc803580c9a1
https://conda.anaconda.org/conda-forge/noarch/locket-0.2.0-py_2.tar.bz2#709e8671651c7ec3d1ad07800339ff1d
https://conda.anaconda.org/conda-forge/noarch/munkres-1.1.4-pyh9f0ad1d_0.tar.bz2#2ba8498c1018c1e9c61eb99b973dfe19
https://conda.anaconda.org/conda-forge/noarch/olefile-0.46-pyh9f0ad1d_1.tar.bz2#0b2e68acc8c78c8cc392b90983481f58
https://conda.anaconda.org/conda-forge/noarch/pycparser-2.21-pyhd8ed1ab_0.tar.bz2#076becd9e05608f8dc72757d5f3a91ff
https://conda.anaconda.org/conda-forge/noarch/pyparsing-3.0.6-pyhd8ed1ab_0.tar.bz2#3087df8c636c5a00e694605c39ce4982
https://conda.anaconda.org/conda-forge/noarch/pyshp-2.1.3-pyh44b312d_0.tar.bz2#2d1867b980785eb44b8122184d8b42a6
https://conda.anaconda.org/conda-forge/linux-64/python_abi-3.10-2_cp310.tar.bz2#9e7160cd0d865e98f6803f1fe15c8b61
https://conda.anaconda.org/conda-forge/noarch/pytz-2021.3-pyhd8ed1ab_0.tar.bz2#7e4f811bff46a5a6a7e0094921389395
https://conda.anaconda.org/conda-forge/noarch/six-1.16.0-pyh6c4a22f_0.tar.bz2#e5f25f8dbc060e9a8d912e432202afc2
https://conda.anaconda.org/conda-forge/noarch/sortedcontainers-2.4.0-pyhd8ed1ab_0.tar.bz2#6d6552722448103793743dabfbda532d
https://conda.anaconda.org/conda-forge/noarch/tblib-1.7.0-pyhd8ed1ab_0.tar.bz2#3d4afc31302aa7be471feb6be048ed76
https://conda.anaconda.org/conda-forge/noarch/termcolor-1.1.0-py_2.tar.bz2#c7fd66fedfff76bfe477c6f33c96d83a
https://conda.anaconda.org/conda-forge/noarch/threadpoolctl-3.0.0-pyh8a188c0_0.tar.bz2#bc3c2909c20635e854f5e533c436cbad
https://conda.anaconda.org/conda-forge/noarch/toolz-0.11.2-pyhd8ed1ab_0.tar.bz2#f348d1590550371edfac5ed3c1d44f7e
https://conda.anaconda.org/conda-forge/noarch/typing_extensions-4.0.1-pyha770c72_0.tar.bz2#1fc03816925d3cb7fdab9ab234e7fea7
https://conda.anaconda.org/conda-forge/noarch/webencodings-0.5.1-py_1.tar.bz2#3563be4c5611a44210d9ba0c16113136
https://conda.anaconda.org/conda-forge/noarch/webob-1.8.7-pyhd8ed1ab_0.tar.bz2#a8192f3585f341ea66c60c189580ac67
https://conda.anaconda.org/conda-forge/noarch/wheel-0.37.1-pyhd8ed1ab_0.tar.bz2#1ca02aaf78d9c70d9a81a3bed5752022
https://conda.anaconda.org/conda-forge/linux-64/xorg-libxi-1.7.10-h7f98852_0.tar.bz2#e77615e5141cad5a2acaa043d1cf0ca5
https://conda.anaconda.org/conda-forge/linux-64/xorg-libxmu-1.1.3-h7f98852_0.tar.bz2#3cdb89236358326adfce12be820a8af3
https://conda.anaconda.org/conda-forge/linux-64/xorg-libxpm-3.5.13-h7f98852_0.tar.bz2#2bbe4b67a97c9d18a807598941fc3b4c
https://conda.anaconda.org/conda-forge/noarch/zipp-3.7.0-pyhd8ed1ab_0.tar.bz2#947f7f41958eabc0f6e886557512bb76
https://conda.anaconda.org/conda-forge/linux-64/antlr-python-runtime-4.7.2-py310hff52083_1003.tar.bz2#8324f8fff866055d4b32eb25e091fe31
https://conda.anaconda.org/conda-forge/linux-64/cairo-1.16.0-ha00ac49_1009.tar.bz2#d1dff57b8731c245d3247b46d002e1c9
https://conda.anaconda.org/conda-forge/linux-64/certifi-2021.10.8-py310hff52083_1.tar.bz2#c26a27ad114b172abd212678fa640a3d
https://conda.anaconda.org/conda-forge/linux-64/cffi-1.15.0-py310h0fdd8cc_0.tar.bz2#7b7366be82277a5a210e48cc6d25ce26
https://conda.anaconda.org/conda-forge/linux-64/cfitsio-4.0.0-h9a35b8e_0.tar.bz2#6b214116ecabe2c5457a93b9763de61d
https://conda.anaconda.org/conda-forge/linux-64/click-8.0.3-py310hff52083_1.tar.bz2#fb9bad6a0e6497e43eac2e2f5ee286b6
https://conda.anaconda.org/conda-forge/linux-64/curl-7.81.0-h2574ce0_0.tar.bz2#3a95d393b490f82aa406f1892fad84d9
https://conda.anaconda.org/conda-forge/linux-64/cytoolz-0.11.2-py310h6acc77f_1.tar.bz2#ca36674adb1e70bc00a68d203a5ab378
https://conda.anaconda.org/conda-forge/noarch/fire-0.4.0-pyh44b312d_0.tar.bz2#0b83cbdfb7b4067ebb051292d360d7a6
https://conda.anaconda.org/conda-forge/linux-64/fonttools-4.28.5-py310h6acc77f_0.tar.bz2#634a097d61d6e5261a5364b0d5307fd6
https://conda.anaconda.org/conda-forge/linux-64/fortran-compiler-1.3.0-h1990efc_0.tar.bz2#fc19435a9a259c341f8478068036099c
https://conda.anaconda.org/conda-forge/linux-64/freeglut-3.2.1-h9c3ff4c_2.tar.bz2#b8e542b9d8a51399c755a9dbe64fe94f
https://conda.anaconda.org/conda-forge/linux-64/hdf5-1.12.1-mpi_mpich_h9c45103_3.tar.bz2#4f1a733e563d27b98010b62888e149c9
https://conda.anaconda.org/conda-forge/noarch/html5lib-1.1-pyh9f0ad1d_0.tar.bz2#b2355343d6315c892543200231d7154a
https://conda.anaconda.org/conda-forge/linux-64/humanfriendly-10.0-py310hff52083_1.tar.bz2#9d920054a5c96fb27db9eda54159a0ea
https://conda.anaconda.org/conda-forge/linux-64/importlib-metadata-4.10.0-py310hff52083_0.tar.bz2#c6e803c1b7eacb117afc1f5659bd5e1f
https://conda.anaconda.org/conda-forge/noarch/importlib_resources-5.4.0-pyhd8ed1ab_0.tar.bz2#9fb134dbabe7851a9d71411064b2c30d
https://conda.anaconda.org/conda-forge/noarch/isodate-0.6.1-pyhd8ed1ab_0.tar.bz2#4a62c93c1b5c0b920508ae3fd285eaf5
https://conda.anaconda.org/conda-forge/linux-64/kiwisolver-1.3.2-py310h91b1402_1.tar.bz2#ff17724e01eba0ea1b145eba7479fe52
https://conda.anaconda.org/conda-forge/noarch/latexcodec-2.0.1-pyh9f0ad1d_0.tar.bz2#8d67904973263afd2985ba56aa2d6bb4
https://conda.anaconda.org/conda-forge/linux-64/libgd-2.3.3-h3cfcdeb_1.tar.bz2#37d7568c595f0cfcd0c493f5ca0344ab
https://conda.anaconda.org/conda-forge/linux-64/lxml-4.7.1-py310ha5446b1_0.tar.bz2#294b6709f26d6baa07964819b9f38f6a
https://conda.anaconda.org/conda-forge/linux-64/markupsafe-2.0.1-py310h6acc77f_1.tar.bz2#bda6023ee64f722ad1d639fef9f497f9
https://conda.anaconda.org/conda-forge/linux-64/mpi4py-3.1.3-py310h853ac07_0.tar.bz2#3b7746d69e3fbccbc9dfc74e043f9e69
https://conda.anaconda.org/conda-forge/linux-64/msgpack-python-1.0.3-py310h91b1402_0.tar.bz2#5b9b1930b4cd12292869147001d88131
https://conda.anaconda.org/conda-forge/linux-64/numpy-1.22.0-py310h454958d_0.tar.bz2#7757bd4f44d99c045b9fdefce1b6eebd
https://conda.anaconda.org/conda-forge/noarch/packaging-21.3-pyhd8ed1ab_0.tar.bz2#71f1ab2de48613876becddd496371c85
https://conda.anaconda.org/conda-forge/noarch/partd-1.2.0-pyhd8ed1ab_0.tar.bz2#0c32f563d7f22e3a34c95cad8cc95651
https://conda.anaconda.org/conda-forge/linux-64/pillow-8.4.0-py310h07f4688_0.tar.bz2#8973650de582ff940bdc0d3972f439fb
https://conda.anaconda.org/conda-forge/linux-64/postgresql-14.1-h2510834_1.tar.bz2#e04f32f73d11c0a6a7bb378099bc423e
https://conda.anaconda.org/conda-forge/linux-64/proj-8.2.0-h277dcde_0.tar.bz2#7ba8c7a9bf1c2fedf4a6d6dc92839baf
https://conda.anaconda.org/conda-forge/linux-64/psutil-5.9.0-py310h6acc77f_0.tar.bz2#b3a5dd94b6cc8951a3cb4b2efe53f403
https://conda.anaconda.org/conda-forge/linux-64/pysocks-1.7.1-py310hff52083_4.tar.bz2#3f47a786fa8b1a26360f916abc5b2b97
https://conda.anaconda.org/conda-forge/noarch/python-dateutil-2.8.2-pyhd8ed1ab_0.tar.bz2#dd999d1cc9f79e67dbb855c8924c7984
https://conda.anaconda.org/conda-forge/linux-64/python-xxhash-2.0.2-py310h6acc77f_1.tar.bz2#67aee8a867e97742631ee4fbecdd6482
https://conda.anaconda.org/conda-forge/linux-64/pyyaml-6.0-py310h6acc77f_3.tar.bz2#f5c29d3db5786e165041203f33b71c6d
https://conda.anaconda.org/conda-forge/linux-64/ruamel.yaml.clib-0.2.6-py310h6acc77f_0.tar.bz2#531ade37165db237989c65424b6f445a
https://conda.anaconda.org/conda-forge/linux-64/setuptools-60.5.0-py310hff52083_0.tar.bz2#80c7dd1ca3442bf17f673ca7b8e6c425
https://conda.anaconda.org/conda-forge/linux-64/tornado-6.1-py310h6acc77f_2.tar.bz2#5eab67bc226fbd8f2b71cfbfcd31800e
https://conda.anaconda.org/conda-forge/linux-64/xorg-libxaw-1.0.14-h7f98852_1.tar.bz2#45b68dc2fc7549c16044d533ceaf340e
https://conda.anaconda.org/conda-forge/noarch/zict-2.0.0-py_0.tar.bz2#4750152be22f24d695b3004c5e1712d3
https://conda.anaconda.org/conda-forge/linux-64/brotlipy-0.7.0-py310h6acc77f_1003.tar.bz2#676f6566c7274fbad5a41f9495c645bf
https://conda.anaconda.org/conda-forge/linux-64/cftime-1.5.1.1-py310h96516ba_1.tar.bz2#42aefe710050855e958a3453e61c26c4
https://conda.anaconda.org/conda-forge/noarch/click-plugins-1.1.1-py_0.tar.bz2#4fd2c6b53934bd7d96d1f3fdaf99b79f
https://conda.anaconda.org/conda-forge/noarch/cligj-0.7.2-pyhd8ed1ab_1.tar.bz2#a29b7c141d6b2de4bb67788a5f107734
https://conda.anaconda.org/conda-forge/linux-64/compilers-1.3.0-ha770c72_0.tar.bz2#9e0cda2ff85c8fba2ba4fb0046c61764
https://conda.anaconda.org/conda-forge/linux-64/cryptography-36.0.1-py310h685ca39_0.tar.bz2#1ad8b9ded5727c9f602cf8cac262e1ec
https://conda.anaconda.org/conda-forge/noarch/dask-core-2021.12.0-pyhd8ed1ab_0.tar.bz2#e572bf40b1e8783fed2526ecb5f5209e
https://conda.anaconda.org/conda-forge/linux-64/geotiff-1.7.0-h90a4e78_5.tar.bz2#512429d22b756a8b04efce724021dc22
https://conda.anaconda.org/conda-forge/linux-64/git-2.34.1-pl5321hc30692c_0.tar.bz2#4f3719507f19c23f501906401279a913
https://conda.anaconda.org/conda-forge/linux-64/harfbuzz-3.2.0-hb4a5f5f_0.tar.bz2#d03d53e6bcb97e6a97a1659fb38aa76e
https://conda.anaconda.org/conda-forge/linux-64/hdfeos5-5.1.16-h3fd3831_9.tar.bz2#60a1703d4dc04cf5811a4d833208afcc
https://conda.anaconda.org/conda-forge/linux-64/jasper-2.0.33-ha77e612_0.tar.bz2#054883e8ea7142e89bcbec08b5d401ea
https://conda.anaconda.org/conda-forge/noarch/jinja2-3.0.3-pyhd8ed1ab_0.tar.bz2#036d872c653780cb26e797e2e2f61b4c
https://conda.anaconda.org/conda-forge/noarch/joblib-1.1.0-pyhd8ed1ab_0.tar.bz2#07d1b5c8cde14d95998fd4767e1e62d2
https://conda.anaconda.org/conda-forge/linux-64/kealib-1.4.14-h87e4c3c_3.tar.bz2#41bf142f90ede16fa293161cbeff0335
https://conda.anaconda.org/conda-forge/linux-64/libdap4-3.20.6-hd7c4107_2.tar.bz2#c265ae57e3acdc891f3e2b93cf6784f5
https://conda.anaconda.org/conda-forge/linux-64/libnetcdf-4.8.1-mpi_mpich_h319fa22_1.tar.bz2#7583fbaea3648f692c0c019254bc196c
https://conda.anaconda.org/conda-forge/linux-64/libspatialite-5.0.1-hf3ee066_12.tar.bz2#38bf1ccc90ada343288327181e6511d0
https://conda.anaconda.org/conda-forge/linux-64/matplotlib-base-3.5.1-py310h23f4a51_0.tar.bz2#30df276308bb54aa802eacac35798595
https://conda.anaconda.org/conda-forge/noarch/munch-2.5.0-py_0.tar.bz2#31d9e9be500e25ff0050bc9f57a6bcd7
https://conda.anaconda.org/conda-forge/linux-64/pandas-1.3.5-py310hb5077e9_0.tar.bz2#188bb9d4ffcde7943e13d959ac2fdb10
https://conda.anaconda.org/conda-forge/noarch/pip-21.3.1-pyhd8ed1ab_0.tar.bz2#e4fe2a9af78ff11f1aced7e62128c6a8
https://conda.anaconda.org/conda-forge/linux-64/poppler-21.11.0-ha39eefc_0.tar.bz2#e8fa8792970ec9278e9ae7e4d0ff2841
https://conda.anaconda.org/conda-forge/linux-64/pybtex-0.24.0-py310hff52083_1.tar.bz2#9cdf6f2ae1683aa72217ac629950149d
https://conda.anaconda.org/conda-forge/linux-64/pyproj-3.3.0-py310h9ffabf3_0.tar.bz2#da5fb2601af1ed8fa317b6bf93bea87c
https://conda.anaconda.org/conda-forge/linux-64/python-stratify-0.2.post0-py310h96516ba_1.tar.bz2#1a4f907575eceb4c7b2b667c28dd2a5c
https://conda.anaconda.org/conda-forge/noarch/rdflib-6.1.1-pyhd8ed1ab_0.tar.bz2#5371e325aeb6ecf646a66298c44ed4a6
https://conda.anaconda.org/conda-forge/linux-64/ruamel.yaml-0.17.19-py310h6acc77f_0.tar.bz2#a12eb4537fd14295f8a926a81334194b
https://conda.anaconda.org/conda-forge/linux-64/scipy-1.7.3-py310hea5193d_0.tar.bz2#9cbdb267370260306b57a63449f05ecf
https://conda.anaconda.org/conda-forge/linux-64/shapely-1.8.0-py310h249e23c_4.tar.bz2#e3426b83e57cebb2c72c5d1c6fbe875a
https://conda.anaconda.org/conda-forge/noarch/snuggs-1.4.7-py_0.tar.bz2#cb83a3d6ecf73f50117635192414426a
https://conda.anaconda.org/conda-forge/linux-64/tiledb-2.5.3-h2038895_0.tar.bz2#3cd4a7ae95455f267e279a1b896e0bb7
https://conda.anaconda.org/conda-forge/noarch/yamale-4.0.1-pyh6c4a22f_0.tar.bz2#2c258d25f0ebb8826216c8725a8c6969
https://conda.anaconda.org/conda-forge/linux-64/bokeh-2.4.2-py310hff52083_0.tar.bz2#f45977a54a5ded55a6b6844524f630d1
https://conda.anaconda.org/conda-forge/linux-64/cartopy-0.20.2-py310h902574e_0.tar.bz2#9e122794feb0207e44a5cde3c88ce6b6
https://conda.anaconda.org/conda-forge/linux-64/cf-units-3.0.1-py310h96516ba_2.tar.bz2#595f4a5a69f91cd0f72e75417c2eeedb
https://conda.anaconda.org/conda-forge/linux-64/distributed-2021.12.0-py310hff52083_0.tar.bz2#2ca8d592a43311b83d9e0e10ef516953
https://conda.anaconda.org/conda-forge/linux-64/eccodes-2.24.1-h11d1a29_0.tar.bz2#65230524a8eee3646fed310f7097edc6
https://conda.anaconda.org/conda-forge/linux-64/julia-1.7.1-h989b2f6_3.tar.bz2#fd5ca604bd05730aa5a6fe3c42be8f94
https://conda.anaconda.org/conda-forge/linux-64/libgdal-3.4.0-hbe510e8_12.tar.bz2#a1136abecef95f14bd0e9a99b8988702
https://conda.anaconda.org/conda-forge/linux-64/netcdf-fortran-4.5.3-mpi_mpich_h1364a43_6.tar.bz2#9caa0cf923af3d037897c6d7f8ea57c0
https://conda.anaconda.org/conda-forge/linux-64/netcdf4-1.5.8-nompi_py310hd7ca5b8_101.tar.bz2#39f597922f7db648da47b67829d71280
https://conda.anaconda.org/conda-forge/noarch/networkx-2.6.3-pyhd8ed1ab_1.tar.bz2#4028eff5a1d3deed58c98774e7aa9891
https://conda.anaconda.org/conda-forge/linux-64/pango-1.48.10-h54213e6_2.tar.bz2#b7ed7c76c9360db1f91afba2e220007b
https://conda.anaconda.org/conda-forge/noarch/pyopenssl-21.0.0-pyhd8ed1ab_0.tar.bz2#8c49efecb7dca466e18b06015e8c88ce
https://conda.anaconda.org/conda-forge/linux-64/scikit-learn-1.0.2-py310h1246948_0.tar.bz2#c930949cd0b2dc2d022cb1161a2ff701
https://conda.anaconda.org/conda-forge/linux-64/tempest-remap-2.1.1-hfda0864_0.tar.bz2#40f5c1202ef46deb4b1add4b2eeedbdb
https://conda.anaconda.org/conda-forge/linux-64/cdo-2.0.3-h34154eb_0.tar.bz2#a968ae4b7842378d430992f5c2bc68a9
https://conda.anaconda.org/conda-forge/noarch/dask-2021.12.0-pyhd8ed1ab_0.tar.bz2#87242166e63fd1da7222d45ef138620b
https://conda.anaconda.org/conda-forge/linux-64/esmf-8.2.0-mpi_mpich_h4975321_100.tar.bz2#56f5c650937b1667ad0a557a0dff3bc4
https://conda.anaconda.org/conda-forge/linux-64/gdal-3.4.0-py310h222ae0d_12.tar.bz2#d0088a7f94950fcbdb4970d8a69a4a48
https://conda.anaconda.org/conda-forge/linux-64/gtk2-2.24.33-h539f30e_1.tar.bz2#606777b4da3664d5c9415f5f165349fd
https://conda.anaconda.org/conda-forge/noarch/iris-3.1.0-pyhd8ed1ab_3.tar.bz2#3cfd9ca2f6f9b03e0ca1f23cbd323e2a
https://conda.anaconda.org/conda-forge/linux-64/librsvg-2.52.5-hc3c00ef_1.tar.bz2#9cd526f006d048eb912e09c5982393ea
https://conda.anaconda.org/conda-forge/noarch/myproxyclient-2.1.0-pyhd8ed1ab_2.tar.bz2#363b0816e411feb0df925d4f224f026a
https://conda.anaconda.org/conda-forge/linux-64/py-xgboost-1.5.0-py310hff52083_1.tar.bz2#63ae1662c0bd078245038899a6e4dc1d
https://conda.anaconda.org/conda-forge/linux-64/r-base-4.1.2-hde4fec0_0.tar.bz2#73990249fd5e86f396cd1b2c5a404867
https://conda.anaconda.org/conda-forge/linux-64/rasterio-1.2.10-py310h401d7d5_3.tar.bz2#2f208ed788eb823cbe69cd5963e1c958
https://conda.anaconda.org/conda-forge/noarch/urllib3-1.26.8-pyhd8ed1ab_1.tar.bz2#53f1387c68c21cecb386e2cde51b3f7c
https://conda.anaconda.org/conda-forge/linux-64/esmpy-8.2.0-mpi_mpich_py310hd9c82d4_101.tar.bz2#0333d51ee594be40f50b157ac6f27b5a
https://conda.anaconda.org/conda-forge/linux-64/fiona-1.8.20-py310hfb73927_4.tar.bz2#772065e4a2ad5a6070e05bfbfde014b8
https://conda.anaconda.org/conda-forge/linux-64/graphviz-2.50.0-h85b4f2f_1.tar.bz2#bc6418fd87ea67cf14417337ced3daa2
https://conda.anaconda.org/conda-forge/linux-64/ncl-6.6.2-h451db95_35.tar.bz2#f6c70c89693df29d90b67d51aa17edcf
https://conda.anaconda.org/conda-forge/linux-64/nco-5.0.4-hcfc2ecc_0.tar.bz2#70dfbc4ec568a837b481bb8665f34200
https://conda.anaconda.org/conda-forge/noarch/python-cdo-1.5.6-pyhd8ed1ab_0.tar.bz2#09bb24ec892891d7c9a7aaa5cdf59022
https://conda.anaconda.org/conda-forge/noarch/r-assertthat-0.2.1-r41hc72bb7e_2.tar.bz2#ad338c38619f857b6df19253e9c65533
https://conda.anaconda.org/conda-forge/linux-64/r-backports-1.4.1-r41hcfec24a_0.tar.bz2#f431d585821313884e52d64b5ef0d8cd
https://conda.anaconda.org/conda-forge/linux-64/r-brio-1.1.3-r41hcfec24a_0.tar.bz2#8b244d9227122b63ca1191228e1e31c9
https://conda.anaconda.org/conda-forge/noarch/r-codetools-0.2_18-r41hc72bb7e_0.tar.bz2#75bcb5a3087ce83b46137aa732d3ed00
https://conda.anaconda.org/conda-forge/noarch/r-crayon-1.4.2-r41hc72bb7e_0.tar.bz2#144abfeb3acb77f6cb6510dd45747bcf
https://conda.anaconda.org/conda-forge/linux-64/r-curl-4.3.2-r41hcfec24a_0.tar.bz2#18de0d29e4da1b0c3d2200896a7c5cf8
https://conda.anaconda.org/conda-forge/linux-64/r-digest-0.6.29-r41h03ef668_0.tar.bz2#9b5bcee4e903920236c5911fdd3478d8
https://conda.anaconda.org/conda-forge/noarch/r-docopt-0.7.1-r41hc72bb7e_1.tar.bz2#44b9500be22cf4984b6b18137b84ce6a
https://conda.anaconda.org/conda-forge/noarch/r-evaluate-0.14-r41hc72bb7e_2.tar.bz2#264cbc1f2cd53677b9f370da90cb5f10
https://conda.anaconda.org/conda-forge/linux-64/r-fansi-1.0.0-r41hcfec24a_0.tar.bz2#14be1a695b5c9d4d51ebcad73f0c91f2
https://conda.anaconda.org/conda-forge/linux-64/r-git2r-0.29.0-r41hf628c3e_1.tar.bz2#14584ea5e51594f1c7f2f55e365a669e
https://conda.anaconda.org/conda-forge/linux-64/r-glue-1.6.0-r41hcfec24a_0.tar.bz2#ed661b4842661b1c1e6273effb1ee9ce
https://conda.anaconda.org/conda-forge/linux-64/r-jsonlite-1.7.2-r41hcfec24a_0.tar.bz2#3e836ec407cc481aefa06cd0cd8ac26d
https://conda.anaconda.org/conda-forge/linux-64/r-lazyeval-0.2.2-r41hcfec24a_2.tar.bz2#bd92cb1db1aafaf10d434b910f666eab
https://conda.anaconda.org/conda-forge/linux-64/r-magrittr-2.0.1-r41hcfec24a_1.tar.bz2#98c455960756bbb6b1da68fadc92c9ea
https://conda.anaconda.org/conda-forge/linux-64/r-mime-0.12-r41hcfec24a_0.tar.bz2#f40c9f8645ea54ce0709a5436d569e2d
https://conda.anaconda.org/conda-forge/noarch/r-pkgconfig-2.0.3-r41hc72bb7e_1.tar.bz2#2c4f78477753ad83700a1f9d605a3002
https://conda.anaconda.org/conda-forge/noarch/r-praise-1.0.0-r41hc72bb7e_1005.tar.bz2#39585efa1172490943314141c133467b
https://conda.anaconda.org/conda-forge/linux-64/r-ps-1.6.0-r41hcfec24a_0.tar.bz2#07c55f06d88324b90bdc1c100d576358
https://conda.anaconda.org/conda-forge/noarch/r-r.methodss3-1.8.1-r41hc72bb7e_0.tar.bz2#61bb85269ac5ad2e5ca647cb23678aab
https://conda.anaconda.org/conda-forge/noarch/r-r6-2.5.1-r41hc72bb7e_0.tar.bz2#a560798c2d5ab0dbb30feddc6b8e63fb
https://conda.anaconda.org/conda-forge/linux-64/r-rcpp-1.0.8-r41h03ef668_0.tar.bz2#c08cc34696ec4b4a4e52d16f475eb464
https://conda.anaconda.org/conda-forge/noarch/r-remotes-2.4.2-r41hc72bb7e_0.tar.bz2#c41802db474bb317ad1d704a50edc025
https://conda.anaconda.org/conda-forge/linux-64/r-rlang-0.4.12-r41hcfec24a_0.tar.bz2#edf30b17dfa75d3cbb0f1409f5412bc1
https://conda.anaconda.org/conda-forge/noarch/r-rstudioapi-0.13-r41hc72bb7e_0.tar.bz2#2918956e6f337e209b6f7582b99cfdfa
https://conda.anaconda.org/conda-forge/linux-64/r-stringdist-0.9.8-r41hcfec24a_1.tar.bz2#2c7acff90f4529d942e9f3bf249d4541
https://conda.anaconda.org/conda-forge/linux-64/r-stringi-1.7.6-r41h337692f_1.tar.bz2#38f582ec90177170e5699d3dd1cce076
https://conda.anaconda.org/conda-forge/linux-64/r-sys-3.4-r41hcfec24a_0.tar.bz2#bdf70442cc075fb748f874f4ebe922a8
https://conda.anaconda.org/conda-forge/linux-64/r-udunits2-0.13.2-r41hcfec24a_0.tar.bz2#62b7209de1633596d432c23cbffc999e
https://conda.anaconda.org/conda-forge/linux-64/r-utf8-1.2.2-r41hcfec24a_0.tar.bz2#3b958ecf41127b730cc0f0865cc8953e
https://conda.anaconda.org/conda-forge/noarch/r-withr-2.4.3-r41hc72bb7e_0.tar.bz2#120d0c2b5bc538c7a250e6cadd7eecfd
https://conda.anaconda.org/conda-forge/linux-64/r-xfun-0.29-r41h03ef668_0.tar.bz2#8951072905fdb77d4c83dd0c718dc0ac
https://conda.anaconda.org/conda-forge/noarch/r-xmlparsedata-1.0.5-r41hc72bb7e_0.tar.bz2#2e532e4a560c703602b75cdc78c0ae86
https://conda.anaconda.org/conda-forge/linux-64/r-yaml-2.2.1-r41hcfec24a_1.tar.bz2#9562e969fbc9d48521bbe9472ee18318
https://conda.anaconda.org/conda-forge/noarch/requests-2.27.1-pyhd8ed1ab_0.tar.bz2#7c1c427246b057b8fa97200ecdb2ed62
https://conda.anaconda.org/conda-forge/linux-64/xgboost-1.5.0-py310hff52083_1.tar.bz2#27fbe028a5173274d1ee921d710734ed
https://conda.anaconda.org/conda-forge/linux-64/imagemagick-7.1.0_19-pl5321hb118871_0.tar.bz2#c417bfd91f285985b37a97ce50dafd1d
https://conda.anaconda.org/conda-forge/linux-64/pydot-1.4.2-py310hff52083_1.tar.bz2#621323bae66bbb2f45aa01ba71d4403a
https://conda.anaconda.org/conda-forge/linux-64/r-askpass-1.1-r41hcfec24a_2.tar.bz2#58e1d05890607b8534f1933bbc847901
https://conda.anaconda.org/conda-forge/linux-64/r-cli-3.1.0-r41h03ef668_0.tar.bz2#148fc0479421ac86e79c2cd07a49d9de
https://conda.anaconda.org/conda-forge/linux-64/r-diffobj-0.3.5-r41hcfec24a_0.tar.bz2#01693a46ed0b5a2e355aefdffc626d67
https://conda.anaconda.org/conda-forge/linux-64/r-ellipsis-0.3.2-r41hcfec24a_0.tar.bz2#44d25949d98811e21e9d19527b6e3cfe
https://conda.anaconda.org/conda-forge/noarch/r-highr-0.9-r41hc72bb7e_0.tar.bz2#ee521053a1f3be94e20386f0c8cb58e5
https://conda.anaconda.org/conda-forge/noarch/r-lifecycle-1.0.1-r41hc72bb7e_0.tar.bz2#c7f563a8fc6d5d9c52da2e390fa5f856
https://conda.anaconda.org/conda-forge/linux-64/r-processx-3.5.2-r41hcfec24a_0.tar.bz2#2c22a42545f7e0a67366603401205382
https://conda.anaconda.org/conda-forge/linux-64/r-purrr-0.3.4-r41hcfec24a_1.tar.bz2#9f37c72ac24f3c9429e0eafcc1777463
https://conda.anaconda.org/conda-forge/noarch/r-r.oo-1.24.0-r41hc72bb7e_0.tar.bz2#d29c9484133a208301b53ccb3c7b0269
https://conda.anaconda.org/conda-forge/noarch/r-rex-1.2.1-r41hc72bb7e_0.tar.bz2#97192e56fb5e683090f013e3f0812a4c
https://conda.anaconda.org/conda-forge/noarch/r-rprojroot-2.0.2-r41hc72bb7e_0.tar.bz2#54e034bbb14fb28865357e2b6f7cedcb
https://conda.anaconda.org/conda-forge/noarch/r-stringr-1.4.0-r41hc72bb7e_2.tar.bz2#9391bbf23da6c4da4c2fe0c811e6f7ce
https://conda.anaconda.org/conda-forge/linux-64/r-xml2-1.3.3-r41h03ef668_0.tar.bz2#a5a9e379142206f85fc106d26918ae18
https://conda.anaconda.org/conda-forge/noarch/requests_cache-0.4.13-py_0.tar.bz2#f823f9ba74df2c9a2fe0932501b41150
https://conda.anaconda.org/conda-forge/noarch/esgf-pyclient-0.3.0-pyh44b312d_0.tar.bz2#8810d5df76db3ee80419049ef924df56
https://conda.anaconda.org/conda-forge/noarch/prov-2.0.0-pyhd3deb0d_0.tar.bz2#aa9b3ad140f6c0668c646f32e20ccf82
https://conda.anaconda.org/conda-forge/noarch/r-callr-3.7.0-r41hc72bb7e_0.tar.bz2#d27c5bc38ea47068c3e4b85313553767
https://conda.anaconda.org/conda-forge/noarch/r-desc-1.4.0-r41hc72bb7e_0.tar.bz2#4acbc21ea274169d0da7b56e82be5bd3
https://conda.anaconda.org/conda-forge/noarch/r-knitr-1.37-r41hc72bb7e_1.tar.bz2#c367900f46a315e6968536d686ceccab
https://conda.anaconda.org/conda-forge/linux-64/r-openssl-1.4.6-r41he36bf35_0.tar.bz2#a1e4bba4e76c6bd10d14f0bcb9020cf6
https://conda.anaconda.org/conda-forge/noarch/r-r.utils-2.11.0-r41hc72bb7e_0.tar.bz2#6bcd873848899d621a61a4f81dd4e550
https://conda.anaconda.org/conda-forge/linux-64/r-vctrs-0.3.8-r41hcfec24a_1.tar.bz2#d41a2e906bb532ecd74dc9996f6f7431
https://conda.anaconda.org/conda-forge/noarch/esmvalcore-2.4.0-pyhd8ed1ab_2.tar.bz2#6c0172c829edd3253882d4982fc9e9de
https://conda.anaconda.org/conda-forge/noarch/r-cyclocomp-1.1.0-r41hc72bb7e_1004.tar.bz2#1ada20fcc4603a3844d8008c7ba0f0ae
https://conda.anaconda.org/conda-forge/noarch/r-httr-1.4.2-r41hc72bb7e_0.tar.bz2#ca862c0c99f5754015b5bb218e08faad
https://conda.anaconda.org/conda-forge/noarch/r-pillar-1.6.4-r41hc72bb7e_0.tar.bz2#7b70682ee9b549b39505b23c320c0d58
https://conda.anaconda.org/conda-forge/linux-64/r-pkgload-1.2.4-r41h03ef668_0.tar.bz2#86f05eacdc1a8caedd4bc5e79c19a196
https://conda.anaconda.org/conda-forge/noarch/r-r.cache-0.15.0-r41hc72bb7e_0.tar.bz2#14f2cdab1274b5e15661c3742eadef4a
https://conda.anaconda.org/conda-forge/linux-64/r-tibble-3.1.6-r41hcfec24a_0.tar.bz2#c9537791a8aeaec685d38494eed320ac
https://conda.anaconda.org/conda-forge/noarch/r-rematch2-2.1.2-r41hc72bb7e_1.tar.bz2#5c26fbf849007fc5022745ec14e38822
https://conda.anaconda.org/conda-forge/noarch/r-styler-1.6.2-r41hc72bb7e_0.tar.bz2#e68987f59a5ad854712c3dae07108223
https://conda.anaconda.org/conda-forge/noarch/r-waldo-0.3.1-r41hc72bb7e_0.tar.bz2#93499d4d32c6671db040f52c4e1ca9fe
https://conda.anaconda.org/conda-forge/linux-64/r-testthat-3.1.1-r41h03ef668_0.tar.bz2#f193c585cbc3c3692f44aa00a2ada542
https://conda.anaconda.org/conda-forge/noarch/r-lintr-2.0.1-r41hc72bb7e_1.tar.bz2#a5d4f7a6d4ebfac2933dfe5172b6f7a9
