# Generated by conda-lock.
# platform: linux-64
# input_hash: 7de7a676d0b32ad688819d4aa157501215ad9761ee69c29f9ebad993943eaef9
@EXPLICIT
https://conda.anaconda.org/conda-forge/linux-64/_libgcc_mutex-0.1-conda_forge.tar.bz2#d7c89558ba9fa0495403155b64376d81
https://conda.anaconda.org/conda-forge/linux-64/_py-xgboost-mutex-2.0-cpu_0.tar.bz2#23b8f98a355030331f40d0245492f715
https://conda.anaconda.org/conda-forge/noarch/_r-mutex-1.0.1-anacondar_1.tar.bz2#19f9db5f4f1b7f5ef5f6d67207f25f38
https://conda.anaconda.org/conda-forge/linux-64/ca-certificates-2021.10.8-ha878542_0.tar.bz2#575611b8a84f45960e87722eeb51fa26
https://conda.anaconda.org/conda-forge/noarch/font-ttf-dejavu-sans-mono-2.37-hab24e00_0.tar.bz2#0c96522c6bdaed4b1566d11387caaf45
https://conda.anaconda.org/conda-forge/noarch/font-ttf-inconsolata-3.000-h77eed37_0.tar.bz2#34893075a5c9e55cdafac56607368fc6
https://conda.anaconda.org/conda-forge/noarch/font-ttf-source-code-pro-2.038-h77eed37_0.tar.bz2#4d59c254e01d9cde7957100457e2d5fb
https://conda.anaconda.org/conda-forge/noarch/font-ttf-ubuntu-0.83-hab24e00_0.tar.bz2#19410c3df09dfb12d1206132a1d357c5
https://conda.anaconda.org/conda-forge/noarch/kernel-headers_linux-64-2.6.32-he073ed8_15.tar.bz2#5dd5127afd710f91f6a75821bac0a4f0
https://conda.anaconda.org/conda-forge/linux-64/ld_impl_linux-64-2.36.1-hea4e1c9_2.tar.bz2#bd4f2e711b39af170e7ff15163fe87ee
https://conda.anaconda.org/conda-forge/linux-64/libgcc-devel_linux-64-10.3.0-he6cfe16_15.tar.bz2#d508ef591622b639a5a7f9eb4830fd82
https://conda.anaconda.org/conda-forge/linux-64/libgfortran5-11.2.0-h5c6108e_15.tar.bz2#7c2c0cd937b707aa46f3369d693a1f29
https://conda.anaconda.org/conda-forge/linux-64/libstdcxx-devel_linux-64-10.3.0-he6cfe16_15.tar.bz2#720129ed098d749795cb8a34290c9d47
https://conda.anaconda.org/conda-forge/linux-64/libstdcxx-ng-11.2.0-he4da1e4_15.tar.bz2#4ffda9c4352880439042fbb8a9863e8c
https://conda.anaconda.org/conda-forge/linux-64/mpi-1.0-mpich.tar.bz2#c1fcff3417b5a22bbc4cf6e8c23648cf
https://conda.anaconda.org/conda-forge/noarch/poppler-data-0.4.11-hd8ed1ab_0.tar.bz2#abc27381c4f005da588cffa1f76403ee
https://conda.anaconda.org/conda-forge/noarch/tzdata-2022a-h191b570_0.tar.bz2#84be5301069417a2221187d2f435e0f7
https://conda.anaconda.org/conda-forge/linux-64/xorg-imake-1.0.7-0.tar.bz2#23acfc5a339a6a34cc2241f64e4111be
https://conda.anaconda.org/conda-forge/noarch/fonts-conda-forge-1-0.tar.bz2#f766549260d6815b0c52253f1fb1bb29
https://conda.anaconda.org/conda-forge/linux-64/libgfortran-ng-11.2.0-h69a702a_15.tar.bz2#23b9afaf5975e1db0f59d1251425f5d5
https://conda.anaconda.org/conda-forge/linux-64/libgomp-11.2.0-h1d223b6_15.tar.bz2#5b7bff215ad9f30325dbe86dd983cb49
https://conda.anaconda.org/conda-forge/noarch/sysroot_linux-64-2.12-he073ed8_15.tar.bz2#66c192522eacf5bb763568b4e415d133
https://conda.anaconda.org/conda-forge/linux-64/_openmp_mutex-4.5-1_gnu.tar.bz2#561e277319a41d4f24f5c05a9ef63c04
https://conda.anaconda.org/conda-forge/linux-64/binutils_impl_linux-64-2.36.1-h193b22a_2.tar.bz2#32aae4265554a47ea77f7c09f86aeb3b
https://conda.anaconda.org/conda-forge/noarch/fonts-conda-ecosystem-1-0.tar.bz2#fee5683a3f04bd15cbd8318b096a27ab
https://conda.anaconda.org/conda-forge/linux-64/binutils-2.36.1-hdd6e379_2.tar.bz2#3111f86041b5b6863545ca49130cca95
https://conda.anaconda.org/conda-forge/linux-64/binutils_linux-64-2.36-hf3e587d_9.tar.bz2#65bcfc97d561ef25a8e6f2e03fae9895
https://conda.anaconda.org/conda-forge/linux-64/libgcc-ng-11.2.0-h1d223b6_15.tar.bz2#8041e476e66fcde71f0aa3d614e0efcf
https://conda.anaconda.org/conda-forge/linux-64/blosc-1.21.0-h9c3ff4c_0.tar.bz2#5e815e5126c6f7e34ab4496fa1b48dca
https://conda.anaconda.org/conda-forge/linux-64/bzip2-1.0.8-h7f98852_4.tar.bz2#a1fd65c7ccbf10880423d82bca54eb54
https://conda.anaconda.org/conda-forge/linux-64/c-ares-1.18.1-h7f98852_0.tar.bz2#f26ef8098fab1f719c91eb760d63381a
https://conda.anaconda.org/conda-forge/linux-64/expat-2.4.8-h27087fc_0.tar.bz2#e1b07832504eeba765d648389cc387a9
https://conda.anaconda.org/conda-forge/linux-64/fftw-3.3.10-nompi_h77c792f_102.tar.bz2#208f18b1d596b50c6a92a12b30ebe31f
https://conda.anaconda.org/conda-forge/linux-64/freexl-1.0.6-h7f98852_0.tar.bz2#fb707484f02b122edec5fe3d1f3f552f
https://conda.anaconda.org/conda-forge/linux-64/fribidi-1.0.10-h36c2ea0_0.tar.bz2#ac7bc6a654f8f41b352b38f4051135f8
https://conda.anaconda.org/conda-forge/linux-64/geos-3.10.2-h9c3ff4c_0.tar.bz2#fe9a66a351bfa7a84c3108304c7bcba5
https://conda.anaconda.org/conda-forge/linux-64/ghostscript-9.54.0-h27087fc_2.tar.bz2#c3b35ac18d09ffc8d46064fb09a696af
https://conda.anaconda.org/conda-forge/linux-64/giflib-5.2.1-h36c2ea0_2.tar.bz2#626e68ae9cc5912d6adb79d318cf962d
https://conda.anaconda.org/conda-forge/linux-64/gmp-6.2.1-h58526e2_0.tar.bz2#b94cf2db16066b242ebd26db2facbd56
https://conda.anaconda.org/conda-forge/linux-64/graphite2-1.3.13-h58526e2_1001.tar.bz2#8c54672728e8ec6aa6db90cf2806d220
https://conda.anaconda.org/conda-forge/linux-64/icu-69.1-h9c3ff4c_0.tar.bz2#e0773c9556d588b062a4e1424a6a02fa
https://conda.anaconda.org/conda-forge/linux-64/jbig-2.1-h7f98852_2003.tar.bz2#1aa0cee79792fa97b7ff4545110b60bf
https://conda.anaconda.org/conda-forge/linux-64/jpeg-9e-h7f98852_0.tar.bz2#5c214edc675a7fb7cbb34b1d854e5141
https://conda.anaconda.org/conda-forge/linux-64/json-c-0.15-h98cffda_0.tar.bz2#f32d45a88e7462be446824654dbcf4a4
https://conda.anaconda.org/conda-forge/linux-64/keyutils-1.6.1-h166bdaf_0.tar.bz2#30186d27e2c9fa62b45fb1476b7200e3
https://conda.anaconda.org/conda-forge/linux-64/lerc-3.0-h9c3ff4c_0.tar.bz2#7fcefde484980d23f0ec24c11e314d2e
https://conda.anaconda.org/conda-forge/linux-64/libaec-1.0.6-h9c3ff4c_0.tar.bz2#c77f5e4e418fa47d699d6afa54c5d444
https://conda.anaconda.org/conda-forge/linux-64/libbrotlicommon-1.0.9-h166bdaf_7.tar.bz2#f82dc1c78bcf73583f2656433ce2933c
https://conda.anaconda.org/conda-forge/linux-64/libdeflate-1.10-h7f98852_0.tar.bz2#ffa3a757a97e851293909b49f49f28fb
https://conda.anaconda.org/conda-forge/linux-64/libev-4.33-h516909a_1.tar.bz2#6f8720dff19e17ce5d48cfe7f3d2f0a3
https://conda.anaconda.org/conda-forge/linux-64/libffi-3.4.2-h7f98852_5.tar.bz2#d645c6d2ac96843a2bfaccd2d62b3ac3
https://conda.anaconda.org/conda-forge/linux-64/libglu-9.0.0-he1b5a44_1001.tar.bz2#8208602aec4826053c116552369a394c
https://conda.anaconda.org/conda-forge/linux-64/libiconv-1.16-h516909a_0.tar.bz2#5c0f338a513a2943c659ae619fca9211
https://conda.anaconda.org/conda-forge/linux-64/libnsl-2.0.0-h7f98852_0.tar.bz2#39b1328babf85c7c3a61636d9cd50206
https://conda.anaconda.org/conda-forge/linux-64/libopenblas-0.3.20-pthreads_h78a6416_0.tar.bz2#9b6d0781953c9e353faee494336cc229
https://conda.anaconda.org/conda-forge/linux-64/libopenblas-ilp64-0.3.20-pthreads_h44c56fb_0.tar.bz2#1bf176bd63a039b8be6ba90f57b57eef
https://conda.anaconda.org/conda-forge/linux-64/libsanitizer-10.3.0-h26c7422_15.tar.bz2#75e306abed1c6d549b8ea9054bdd2d86
https://conda.anaconda.org/conda-forge/linux-64/libtool-2.4.6-h9c3ff4c_1008.tar.bz2#16e143a1ed4b4fd169536373957f6fee
https://conda.anaconda.org/conda-forge/linux-64/libunwind-1.6.2-h9c3ff4c_0.tar.bz2#a730b2badd586580c5752cc73842e068
https://conda.anaconda.org/conda-forge/linux-64/libutf8proc-2.7.0-h7f98852_0.tar.bz2#913570ed14b42cf48ccbba364af20302
https://conda.anaconda.org/conda-forge/linux-64/libuuid-2.32.1-h7f98852_1000.tar.bz2#772d69f030955d9646d3d0eaf21d859d
https://conda.anaconda.org/conda-forge/linux-64/libwebp-base-1.2.2-h7f98852_1.tar.bz2#46cf26ecc8775a0aab300ea1821aaa3c
https://conda.anaconda.org/conda-forge/linux-64/libxgboost-1.5.1-cpu_h3d145d1_2.tar.bz2#73c722fb6f9b5c79e636df98278f5877
https://conda.anaconda.org/conda-forge/linux-64/libzlib-1.2.11-h166bdaf_1014.tar.bz2#757138ba3ddc6777b82e91d9ff62e7b9
https://conda.anaconda.org/conda-forge/linux-64/lz4-c-1.9.3-h9c3ff4c_1.tar.bz2#fbe97e8fa6f275d7c76a09e795adc3e6
https://conda.anaconda.org/conda-forge/linux-64/make-4.3-hd18ef5c_1.tar.bz2#4049ebfd3190b580dffe76daed26155a
https://conda.anaconda.org/conda-forge/linux-64/mbedtls-3.1.0-h9c3ff4c_1.tar.bz2#0641a134a6cebf84ded37398d93c0a51
https://conda.anaconda.org/conda-forge/linux-64/metis-5.1.0-h58526e2_1006.tar.bz2#d099b812378b1e133c12e3b75167d83a
https://conda.anaconda.org/conda-forge/linux-64/mpich-4.0.2-h846660c_100.tar.bz2#36a36fe04b932d4b327e7e81c5c43696
https://conda.anaconda.org/conda-forge/linux-64/ncurses-6.3-h27087fc_1.tar.bz2#4acfc691e64342b9dae57cf2adc63238
https://conda.anaconda.org/conda-forge/linux-64/nspr-4.32-h9c3ff4c_1.tar.bz2#29ded371806431b0499aaee146abfc3e
https://conda.anaconda.org/conda-forge/linux-64/openlibm-0.7.5-h7f98852_0.tar.bz2#1d62208586da96232892e9dbd7e0227b
https://conda.anaconda.org/conda-forge/linux-64/openssl-1.1.1n-h166bdaf_0.tar.bz2#cf0ddbd911fa547e6bc4291ca5e17379
https://conda.anaconda.org/conda-forge/linux-64/ossuuid-1.6.2-hf484d3e_1000.tar.bz2#0ca24876ead80a9290d3936aea5fefb1
https://conda.anaconda.org/conda-forge/linux-64/p7zip-16.02-h9c3ff4c_1000.tar.bz2#c9e93fcf6056a0414659615a80b83a0d
https://conda.anaconda.org/conda-forge/linux-64/pcre-8.45-h9c3ff4c_0.tar.bz2#c05d1820a6d34ff07aaaab7a9b7eddaa
https://conda.anaconda.org/conda-forge/linux-64/pixman-0.40.0-h36c2ea0_0.tar.bz2#660e72c82f2e75a6b3fe6a6e75c79f19
https://conda.anaconda.org/conda-forge/linux-64/pkg-config-0.29.2-h36c2ea0_1008.tar.bz2#fbef41ff6a4c8140c30057466a1cdd47
https://conda.anaconda.org/conda-forge/linux-64/pthread-stubs-0.4-h36c2ea0_1001.tar.bz2#22dad4df6e8630e8dff2428f6f6a7036
https://conda.anaconda.org/conda-forge/linux-64/sed-4.8-he412f7d_0.tar.bz2#7362f0042e95681f5d371c46c83ebd08
https://conda.anaconda.org/conda-forge/linux-64/tbb-2021.5.0-h924138e_1.tar.bz2#6d0aabe2be9d714b1f4ce57514d05b4d
https://conda.anaconda.org/conda-forge/linux-64/tzcode-2022a-h166bdaf_0.tar.bz2#e9dc6be4e271364d258b1dd074c014b3
https://conda.anaconda.org/conda-forge/linux-64/xorg-inputproto-2.3.2-h7f98852_1002.tar.bz2#bcd1b3396ec6960cbc1d2855a9e60b2b
https://conda.anaconda.org/conda-forge/linux-64/xorg-kbproto-1.0.7-h7f98852_1002.tar.bz2#4b230e8381279d76131116660f5a241a
https://conda.anaconda.org/conda-forge/linux-64/xorg-libice-1.0.10-h7f98852_0.tar.bz2#d6b0b50b49eccfe0be0373be628be0f3
https://conda.anaconda.org/conda-forge/linux-64/xorg-libxau-1.0.9-h7f98852_0.tar.bz2#bf6f803a544f26ebbdc3bfff272eb179
https://conda.anaconda.org/conda-forge/linux-64/xorg-libxdmcp-1.1.3-h7f98852_0.tar.bz2#be93aabceefa2fac576e971aef407908
https://conda.anaconda.org/conda-forge/linux-64/xorg-makedepend-1.0.6-h27087fc_2.tar.bz2#d86b2cd22e63b0cb9a3c57f934783103
https://conda.anaconda.org/conda-forge/linux-64/xorg-renderproto-0.11.1-h7f98852_1002.tar.bz2#06feff3d2634e3097ce2fe681474b534
https://conda.anaconda.org/conda-forge/linux-64/xorg-xextproto-7.3.0-h7f98852_1002.tar.bz2#1e15f6ad85a7d743a2ac68dae6c82b98
https://conda.anaconda.org/conda-forge/linux-64/xorg-xproto-7.0.31-h7f98852_1007.tar.bz2#b4a4381d54784606820704f7b5f05a15
https://conda.anaconda.org/conda-forge/linux-64/xxhash-0.8.0-h7f98852_3.tar.bz2#52402c791f35e414e704b7a113f99605
https://conda.anaconda.org/conda-forge/linux-64/xz-5.2.5-h516909a_1.tar.bz2#33f601066901f3e1a85af3522a8113f9
https://conda.anaconda.org/conda-forge/linux-64/yaml-0.2.5-h7f98852_2.tar.bz2#4cb3ad778ec2d5a7acbdf254eb1c42ae
https://conda.anaconda.org/conda-forge/linux-64/gcc_impl_linux-64-10.3.0-hf2f2afa_15.tar.bz2#2de7f214baae8088c6b9e560c66aa1fa
https://conda.anaconda.org/conda-forge/linux-64/gettext-0.19.8.1-h73d1719_1008.tar.bz2#af49250eca8e139378f8ff0ae9e57251
https://conda.anaconda.org/conda-forge/linux-64/libblas-3.9.0-14_linux64_openblas.tar.bz2#fb31fbbde682414550bbe15e3964420f
https://conda.anaconda.org/conda-forge/linux-64/libbrotlidec-1.0.9-h166bdaf_7.tar.bz2#37a460703214d0d1b421e2a47eb5e6d0
https://conda.anaconda.org/conda-forge/linux-64/libbrotlienc-1.0.9-h166bdaf_7.tar.bz2#785a9296ea478eb78c47593c4da6550f
https://conda.anaconda.org/conda-forge/linux-64/libedit-3.1.20191231-he28a2e2_2.tar.bz2#4d331e44109e3f0e19b4cb8f9b82f3e1
https://conda.anaconda.org/conda-forge/linux-64/librttopo-1.1.0-hf69c175_9.tar.bz2#24be5de0faf30ce36576f3dc73bc6cbc
https://conda.anaconda.org/conda-forge/linux-64/libxcb-1.13-h7f98852_1004.tar.bz2#b3653fdc58d03face9724f602218a904
https://conda.anaconda.org/conda-forge/linux-64/mpfr-4.1.0-h9202a9a_1.tar.bz2#ea9ebeddb066da8fad4a815e61b139be
https://conda.anaconda.org/conda-forge/linux-64/openblas-ilp64-0.3.20-pthreads_h3d04fff_0.tar.bz2#5b91efa22d3ae44de461b5aae2635877
https://conda.anaconda.org/conda-forge/linux-64/perl-5.32.1-2_h7f98852_perl5.tar.bz2#09ba115862623f00962e9809ea248f1a
https://conda.anaconda.org/conda-forge/linux-64/readline-8.1-h46c0cb4_0.tar.bz2#5788de3c8d7a7d64ac56c784c4ef48e6
https://conda.anaconda.org/conda-forge/linux-64/tk-8.6.12-h27826a3_0.tar.bz2#5b8c42eb62e9fc961af70bdd6a26e168
https://conda.anaconda.org/conda-forge/linux-64/udunits2-2.2.28-hc3e0081_0.tar.bz2#d4c341e0379c31e9e781d4f204726867
https://conda.anaconda.org/conda-forge/linux-64/xerces-c-3.2.3-h8ce2273_4.tar.bz2#b313f2002c5534313e3b2b74a76a051b
https://conda.anaconda.org/conda-forge/linux-64/xorg-fixesproto-5.0-h7f98852_1002.tar.bz2#65ad6e1eb4aed2b0611855aff05e04f6
https://conda.anaconda.org/conda-forge/linux-64/xorg-libsm-1.2.3-hd9c2040_1000.tar.bz2#9e856f78d5c80d5a78f61e72d1d473a3
https://conda.anaconda.org/conda-forge/linux-64/zlib-1.2.11-h166bdaf_1014.tar.bz2#def3b82d1a03aa695bb38ac1dd072ff2
https://conda.anaconda.org/conda-forge/linux-64/zstd-1.5.2-ha95c52a_0.tar.bz2#5222b231b1ef49a7f60d40b363469b70
https://conda.anaconda.org/conda-forge/linux-64/boost-cpp-1.74.0-h6cacc03_7.tar.bz2#b7c1f8b1937c8572d7dce988a9df1a64
https://conda.anaconda.org/conda-forge/linux-64/brotli-bin-1.0.9-h166bdaf_7.tar.bz2#1699c1211d56a23c66047524cd76796e
https://conda.anaconda.org/conda-forge/linux-64/bwidget-1.9.14-ha770c72_1.tar.bz2#5746d6202ba2abad4a4707f2a2462795
https://conda.anaconda.org/conda-forge/linux-64/gcc-10.3.0-he2824d0_9.tar.bz2#b80496495b67a7907acd5f6f80b2c5ad
https://conda.anaconda.org/conda-forge/linux-64/gcc_linux-64-10.3.0-hc39de41_9.tar.bz2#e72e754643a9a78a6bce573e7756c934
https://conda.anaconda.org/conda-forge/linux-64/gfortran_impl_linux-64-10.3.0-h73f4979_15.tar.bz2#7d4fa3417cdc19650a8029deb62a707f
https://conda.anaconda.org/conda-forge/linux-64/gxx_impl_linux-64-10.3.0-hf2f2afa_15.tar.bz2#15e098eb1c564e6344c99b455c3f2e1e
https://conda.anaconda.org/conda-forge/linux-64/hdf4-4.2.15-h10796ff_3.tar.bz2#21a8d66dc17f065023b33145c42652fe
https://conda.anaconda.org/conda-forge/linux-64/krb5-1.19.3-h3790be6_0.tar.bz2#7d862b05445123144bec92cb1acc8ef8
https://conda.anaconda.org/conda-forge/linux-64/libcblas-3.9.0-14_linux64_openblas.tar.bz2#1b41ea4c32014d878e84de4e5690df7a
https://conda.anaconda.org/conda-forge/linux-64/libglib-2.70.2-h174f98d_4.tar.bz2#d44314ffae96b17657fbf3f8e47b04fc
https://conda.anaconda.org/conda-forge/linux-64/liblapack-3.9.0-14_linux64_openblas.tar.bz2#13367ebd0243a949cee7564b13c3cd42
https://conda.anaconda.org/conda-forge/linux-64/libnghttp2-1.47.0-h727a467_0.tar.bz2#a22567abfea169ff8048506b1ca9b230
https://conda.anaconda.org/conda-forge/linux-64/libpng-1.6.37-h21135ba_2.tar.bz2#b6acf807307d033d4b7e758b4f44b036
https://conda.anaconda.org/conda-forge/linux-64/libssh2-1.10.0-ha56f1ee_2.tar.bz2#6ab4eaa11ff01801cffca0a27489dc04
https://conda.anaconda.org/conda-forge/linux-64/libtiff-4.3.0-h542a066_3.tar.bz2#1a0efb4dfd880b0376da8e1ba39fa838
https://conda.anaconda.org/conda-forge/linux-64/libxml2-2.9.12-h885dcf4_1.tar.bz2#d1355eaa48f465782f228275a0a69771
https://conda.anaconda.org/conda-forge/linux-64/libzip-1.8.0-h4de3113_1.tar.bz2#175a746a43d42c053b91aa765fbc197d
https://conda.anaconda.org/conda-forge/linux-64/pcre2-10.37-h032f7d1_0.tar.bz2#6469e4602e914febe6f057ad2271a54e
https://conda.anaconda.org/conda-forge/linux-64/sqlite-3.37.1-h4ff8645_0.tar.bz2#8057ac02d6d10a162d7eb4b0ca7ed291
https://conda.anaconda.org/conda-forge/linux-64/tktable-2.10-hb7b940f_3.tar.bz2#ea4d0879e40211fa26f38d8986db1bbe
https://conda.anaconda.org/conda-forge/linux-64/xorg-libx11-1.7.2-h7f98852_0.tar.bz2#12a61e640b8894504326aadafccbb790
https://conda.anaconda.org/conda-forge/linux-64/arpack-3.7.0-hdefa2d7_2.tar.bz2#8763fe86163198ef1778d1d8d22bb078
https://conda.anaconda.org/conda-forge/linux-64/atk-1.0-2.36.0-h3371d22_4.tar.bz2#661e1ed5d92552785d9f8c781ce68685
https://conda.anaconda.org/conda-forge/linux-64/brotli-1.0.9-h166bdaf_7.tar.bz2#3889dec08a472eb0f423e5609c76bde1
https://conda.anaconda.org/conda-forge/linux-64/c-compiler-1.4.1-h166bdaf_0.tar.bz2#0b9b4d483b7716227dbd2a028b8c54f3
https://conda.anaconda.org/conda-forge/linux-64/freetype-2.10.4-h0708190_1.tar.bz2#4a06f2ac2e5bfae7b6b245171c3f07aa
https://conda.anaconda.org/conda-forge/linux-64/gdk-pixbuf-2.42.8-hff1cb4f_0.tar.bz2#908fc30f89e27817d835b45f865536d7
https://conda.anaconda.org/conda-forge/linux-64/gfortran-10.3.0-h18518b4_9.tar.bz2#70e81e87fb641d81672aee3535f5855c
https://conda.anaconda.org/conda-forge/linux-64/gfortran_linux-64-10.3.0-hb09a455_9.tar.bz2#d5ac3cc9f0f60a9fd406a7f4af52284d
https://conda.anaconda.org/conda-forge/linux-64/gsl-2.7-he838d99_0.tar.bz2#fec079ba39c9cca093bf4c00001825de
https://conda.anaconda.org/conda-forge/linux-64/gts-0.7.6-h64030ff_2.tar.bz2#112eb9b5b93f0c02e59aea4fd1967363
https://conda.anaconda.org/conda-forge/linux-64/gxx-10.3.0-he2824d0_9.tar.bz2#65abfed4fb0cd811162e016921172a02
https://conda.anaconda.org/conda-forge/linux-64/gxx_linux-64-10.3.0-h2593f52_9.tar.bz2#91995ccb00783b9b4e0d178ee5fc4b40
https://conda.anaconda.org/conda-forge/linux-64/hdfeos2-2.20-hca1e490_1001.tar.bz2#87ede2169e3a7050c23a8c7d99200b2b
https://conda.anaconda.org/conda-forge/linux-64/lcms2-2.12-hddcbb42_0.tar.bz2#797117394a4aa588de6d741b06fad80f
https://conda.anaconda.org/conda-forge/linux-64/libcurl-7.82.0-h7bff187_0.tar.bz2#fa26f833ca8796ad44f9561c5402013d
https://conda.anaconda.org/conda-forge/linux-64/libgit2-1.4.2-h6529ace_0.tar.bz2#5927b3b99fb3794ebca02c652f733478
https://conda.anaconda.org/conda-forge/linux-64/libkml-1.3.0-h238a007_1014.tar.bz2#abd8e196ad04781818acef26cc451d66
https://conda.anaconda.org/conda-forge/linux-64/libpq-14.2-hd57d9b9_0.tar.bz2#91b38e297e1cc79f88f7cbf7bdb248e0
https://conda.anaconda.org/conda-forge/linux-64/libwebp-1.2.2-h3452ae3_0.tar.bz2#c363665b4aabe56aae4f8981cff5b153
https://conda.anaconda.org/conda-forge/linux-64/libxslt-1.1.33-h0ef7038_3.tar.bz2#ca2c576cb3b085f0af346d5016a260e3
https://conda.anaconda.org/conda-forge/linux-64/nss-3.77-h2350873_0.tar.bz2#260617b7829b86e9e939b01c9cad1526
https://conda.anaconda.org/conda-forge/linux-64/openjpeg-2.4.0-hb52868f_1.tar.bz2#b7ad78ad2e9ee155f59e6428406ee824
https://conda.anaconda.org/conda-forge/linux-64/python-3.10.4-h9a8a25e_0_cpython.tar.bz2#4c6ebd5ba5e606f77a58154b37d96851
https://conda.anaconda.org/conda-forge/linux-64/suitesparse-5.10.1-h9e50725_1.tar.bz2#a3a685b5f9aeb890ed874502fe56accf
https://conda.anaconda.org/conda-forge/linux-64/xorg-libxext-1.3.4-h7f98852_1.tar.bz2#536cc5db4d0a3ba0630541aec064b5e4
https://conda.anaconda.org/conda-forge/linux-64/xorg-libxfixes-5.0.3-h7f98852_1004.tar.bz2#e9a21aa4d5e3e5f1aed71e8cefd46b6a
https://conda.anaconda.org/conda-forge/linux-64/xorg-libxrender-0.9.10-h7f98852_1003.tar.bz2#f59c1242cc1dd93e72c2ee2b360979eb
https://conda.anaconda.org/conda-forge/linux-64/xorg-libxt-1.2.1-h7f98852_2.tar.bz2#60d6eec5273f1c9af096c10c268912e3
https://conda.anaconda.org/conda-forge/noarch/affine-2.3.1-pyhd8ed1ab_0.tar.bz2#466dc5c1b75c93180efbd81d99dc29b0
https://conda.anaconda.org/conda-forge/noarch/attrs-21.4.0-pyhd8ed1ab_0.tar.bz2#f70280205d7044c8b8358c8de3190e5d
https://conda.anaconda.org/conda-forge/linux-64/cfitsio-4.1.0-hd9d235c_0.tar.bz2#ebc04a148d7204bb428f8633b89fd3dd
https://conda.anaconda.org/conda-forge/noarch/charset-normalizer-2.0.12-pyhd8ed1ab_0.tar.bz2#1f5b32dabae0f1893ae3283dac7f799e
https://conda.anaconda.org/conda-forge/noarch/cloudpickle-2.0.0-pyhd8ed1ab_0.tar.bz2#3a8fc8b627d5fb6af827e126a10a86c6
https://conda.anaconda.org/conda-forge/linux-64/curl-7.82.0-h7bff187_0.tar.bz2#631777dcd00a2714cf0c415ffe40c480
https://conda.anaconda.org/conda-forge/linux-64/cxx-compiler-1.4.1-h924138e_0.tar.bz2#6bc5cd27a4f9a2ec0b00e2681649db72
https://conda.anaconda.org/conda-forge/noarch/cycler-0.11.0-pyhd8ed1ab_0.tar.bz2#a50559fad0affdbb33729a68669ca1cb
https://conda.anaconda.org/conda-forge/noarch/defusedxml-0.7.1-pyhd8ed1ab_0.tar.bz2#961b3a227b437d82ad7054484cfa71b2
https://conda.anaconda.org/conda-forge/linux-64/fontconfig-2.14.0-h8e229c2_0.tar.bz2#f314f79031fec74adc9bff50fbaffd89
https://conda.anaconda.org/conda-forge/linux-64/fortran-compiler-1.4.1-h2a4ca65_0.tar.bz2#5ce3102bc8a8bb59972aa3e47ece83a1
https://conda.anaconda.org/conda-forge/noarch/fsspec-2022.3.0-pyhd8ed1ab_0.tar.bz2#960b78685ccbedb992886fc4ce37bf6e
https://conda.anaconda.org/conda-forge/noarch/geographiclib-1.52-pyhd8ed1ab_0.tar.bz2#6880e7100ebae550a33ce26663316d85
https://conda.anaconda.org/conda-forge/linux-64/hdf5-1.12.1-mpi_mpich_h08b82f9_4.tar.bz2#975d5635b158c1b3c5c795f9d0a430a1
https://conda.anaconda.org/conda-forge/noarch/heapdict-1.0.1-py_0.tar.bz2#77242bfb1e74a627fb06319b5a2d3b95
https://conda.anaconda.org/conda-forge/noarch/idna-3.3-pyhd8ed1ab_0.tar.bz2#40b50b8b030f5f2f22085c062ed013dd
https://conda.anaconda.org/conda-forge/noarch/locket-0.2.0-py_2.tar.bz2#709e8671651c7ec3d1ad07800339ff1d
https://conda.anaconda.org/conda-forge/noarch/munkres-1.1.4-pyh9f0ad1d_0.tar.bz2#2ba8498c1018c1e9c61eb99b973dfe19
https://conda.anaconda.org/conda-forge/linux-64/postgresql-14.2-h2510834_0.tar.bz2#4b2d032512ae19e2b215fa48643970b9
https://conda.anaconda.org/conda-forge/linux-64/proj-9.0.0-h93bde94_1.tar.bz2#cf908994f24ea526afc59f295d5b07c1
https://conda.anaconda.org/conda-forge/noarch/pycparser-2.21-pyhd8ed1ab_0.tar.bz2#076becd9e05608f8dc72757d5f3a91ff
https://conda.anaconda.org/conda-forge/noarch/pyparsing-3.0.8-pyhd8ed1ab_0.tar.bz2#7f5738c49fdccd0fc755bfd25a5ea66c
https://conda.anaconda.org/conda-forge/noarch/pyshp-2.2.0-pyhd8ed1ab_0.tar.bz2#2aa546be05be34b8e1744afd327b623f
https://conda.anaconda.org/conda-forge/linux-64/python_abi-3.10-2_cp310.tar.bz2#9e7160cd0d865e98f6803f1fe15c8b61
https://conda.anaconda.org/conda-forge/noarch/pytz-2022.1-pyhd8ed1ab_0.tar.bz2#b87d66d6d3991d988fb31510c95a9267
https://conda.anaconda.org/conda-forge/noarch/six-1.16.0-pyh6c4a22f_0.tar.bz2#e5f25f8dbc060e9a8d912e432202afc2
https://conda.anaconda.org/conda-forge/noarch/sortedcontainers-2.4.0-pyhd8ed1ab_0.tar.bz2#6d6552722448103793743dabfbda532d
https://conda.anaconda.org/conda-forge/noarch/tblib-1.7.0-pyhd8ed1ab_0.tar.bz2#3d4afc31302aa7be471feb6be048ed76
https://conda.anaconda.org/conda-forge/noarch/termcolor-1.1.0-py_2.tar.bz2#c7fd66fedfff76bfe477c6f33c96d83a
https://conda.anaconda.org/conda-forge/noarch/threadpoolctl-3.1.0-pyh8a188c0_0.tar.bz2#a2995ee828f65687ac5b1e71a2ab1e0c
https://conda.anaconda.org/conda-forge/noarch/toolz-0.11.2-pyhd8ed1ab_0.tar.bz2#f348d1590550371edfac5ed3c1d44f7e
https://conda.anaconda.org/conda-forge/noarch/typing_extensions-4.1.1-pyha770c72_0.tar.bz2#74761ba7bc682e9009520163a1031ace
https://conda.anaconda.org/conda-forge/noarch/webencodings-0.5.1-py_1.tar.bz2#3563be4c5611a44210d9ba0c16113136
https://conda.anaconda.org/conda-forge/noarch/webob-1.8.7-pyhd8ed1ab_0.tar.bz2#a8192f3585f341ea66c60c189580ac67
https://conda.anaconda.org/conda-forge/noarch/wheel-0.37.1-pyhd8ed1ab_0.tar.bz2#1ca02aaf78d9c70d9a81a3bed5752022
https://conda.anaconda.org/conda-forge/linux-64/xorg-libxi-1.7.10-h7f98852_0.tar.bz2#e77615e5141cad5a2acaa043d1cf0ca5
https://conda.anaconda.org/conda-forge/linux-64/xorg-libxmu-1.1.3-h7f98852_0.tar.bz2#3cdb89236358326adfce12be820a8af3
https://conda.anaconda.org/conda-forge/linux-64/xorg-libxpm-3.5.13-h7f98852_0.tar.bz2#2bbe4b67a97c9d18a807598941fc3b4c
https://conda.anaconda.org/conda-forge/noarch/zipp-3.8.0-pyhd8ed1ab_0.tar.bz2#050b94cf4a8c760656e51d2d44e4632c
https://conda.anaconda.org/conda-forge/linux-64/antlr-python-runtime-4.7.2-py310hff52083_1003.tar.bz2#8324f8fff866055d4b32eb25e091fe31
https://conda.anaconda.org/conda-forge/linux-64/cairo-1.16.0-ha12eb4b_1010.tar.bz2#e15c0969bf37df9dae513a48ac871a7d
https://conda.anaconda.org/conda-forge/linux-64/certifi-2021.10.8-py310hff52083_2.tar.bz2#9d379ec519a1e4cece41bee7a8a0c451
https://conda.anaconda.org/conda-forge/linux-64/cffi-1.15.0-py310h0fdd8cc_0.tar.bz2#7b7366be82277a5a210e48cc6d25ce26
https://conda.anaconda.org/conda-forge/linux-64/click-8.1.2-py310hff52083_0.tar.bz2#1426a5dd966b692712e2bc666b4ff58f
https://conda.anaconda.org/conda-forge/linux-64/compilers-1.4.1-ha770c72_0.tar.bz2#96afb48aef4a41898ea5afb6636052d5
https://conda.anaconda.org/conda-forge/linux-64/cytoolz-0.11.2-py310h5764c6d_2.tar.bz2#40321b392edccd600f63b596a3a43c98
https://conda.anaconda.org/conda-forge/noarch/fire-0.4.0-pyh44b312d_0.tar.bz2#0b83cbdfb7b4067ebb051292d360d7a6
https://conda.anaconda.org/conda-forge/linux-64/freeglut-3.2.2-h9c3ff4c_1.tar.bz2#1192066d1296de9b492175a4cf43fe8a
https://conda.anaconda.org/conda-forge/noarch/geopy-2.2.0-pyhd8ed1ab_0.tar.bz2#07259c829ac940ca470525a74d4b5eb1
https://conda.anaconda.org/conda-forge/linux-64/geotiff-1.7.1-h509b78c_1.tar.bz2#dd3c41af3f58b5ee5acf65839b5b3c8c
https://conda.anaconda.org/conda-forge/linux-64/git-2.35.1-pl5321h36853c3_0.tar.bz2#35e381855c5e28e3e2ca03d4fd17c14e
https://conda.anaconda.org/conda-forge/linux-64/hdfeos5-5.1.16-h3fd3831_9.tar.bz2#60a1703d4dc04cf5811a4d833208afcc
https://conda.anaconda.org/conda-forge/noarch/html5lib-1.1-pyh9f0ad1d_0.tar.bz2#b2355343d6315c892543200231d7154a
https://conda.anaconda.org/conda-forge/linux-64/humanfriendly-10.0-py310hff52083_2.tar.bz2#e68fe85f8d86807312c6c296747cc4d1
https://conda.anaconda.org/conda-forge/linux-64/importlib-metadata-4.11.3-py310hff52083_1.tar.bz2#889994773c107757b559cca6b6d58bb5
https://conda.anaconda.org/conda-forge/noarch/importlib_resources-5.6.0-pyhd8ed1ab_0.tar.bz2#ffee77eddb96c584ed417d2f72670a02
https://conda.anaconda.org/conda-forge/noarch/isodate-0.6.1-pyhd8ed1ab_0.tar.bz2#4a62c93c1b5c0b920508ae3fd285eaf5
https://conda.anaconda.org/conda-forge/linux-64/kealib-1.4.14-h87e4c3c_3.tar.bz2#41bf142f90ede16fa293161cbeff0335
https://conda.anaconda.org/conda-forge/linux-64/kiwisolver-1.4.2-py310hbf28c38_1.tar.bz2#bdcb1a21784068970002c284ef8cd2c8
https://conda.anaconda.org/conda-forge/noarch/latexcodec-2.0.1-pyh9f0ad1d_0.tar.bz2#8d67904973263afd2985ba56aa2d6bb4
https://conda.anaconda.org/conda-forge/linux-64/libdap4-3.20.6-hd7c4107_2.tar.bz2#c265ae57e3acdc891f3e2b93cf6784f5
https://conda.anaconda.org/conda-forge/linux-64/libgd-2.3.3-h283352f_2.tar.bz2#2b0d39005a2e8347f329fe578bd6488a
https://conda.anaconda.org/conda-forge/linux-64/libnetcdf-4.8.1-mpi_mpich_h319fa22_1.tar.bz2#7583fbaea3648f692c0c019254bc196c
https://conda.anaconda.org/conda-forge/linux-64/libspatialite-5.0.1-ha867d66_15.tar.bz2#31f84b4474cadeab8ec4f6cac6c0adf4
https://conda.anaconda.org/conda-forge/linux-64/lxml-4.8.0-py310h5764c6d_2.tar.bz2#d94a685d7ab312f0da0566ca15e7ab6b
https://conda.anaconda.org/conda-forge/linux-64/lz4-4.0.0-py310h5d5e884_1.tar.bz2#2d99e995763355bbb2eb7494dbc610d5
https://conda.anaconda.org/conda-forge/linux-64/markupsafe-2.1.1-py310h5764c6d_1.tar.bz2#ec5a727504409ad1380fc2a84f83d002
https://conda.anaconda.org/conda-forge/linux-64/mpi4py-3.1.3-py310h37cc914_1.tar.bz2#54eaedc01b1aee271e4f150d03ffc8b0
https://conda.anaconda.org/conda-forge/linux-64/msgpack-python-1.0.3-py310hbf28c38_1.tar.bz2#f4d36f8a44d689906b9ec4015f5fcd11
https://conda.anaconda.org/conda-forge/noarch/nested-lookup-0.2.23-pyhd8ed1ab_0.tar.bz2#594d3c28c7ebf459b9c1a9c6615df654
https://conda.anaconda.org/conda-forge/linux-64/numpy-1.22.3-py310h45f3432_2.tar.bz2#d8d5a9f29ee510a5aabc811adcf62d8d
https://conda.anaconda.org/conda-forge/noarch/packaging-21.3-pyhd8ed1ab_0.tar.bz2#71f1ab2de48613876becddd496371c85
https://conda.anaconda.org/conda-forge/noarch/partd-1.2.0-pyhd8ed1ab_0.tar.bz2#0c32f563d7f22e3a34c95cad8cc95651
https://conda.anaconda.org/conda-forge/linux-64/pillow-9.1.0-py310he619898_0.tar.bz2#6cfcd1024d475daada9ae6707b61840d
https://conda.anaconda.org/conda-forge/linux-64/psutil-5.9.0-py310h5764c6d_1.tar.bz2#feba1ba3ee388eea13dc06d00cd5cfd0
https://conda.anaconda.org/conda-forge/linux-64/pysocks-1.7.1-py310hff52083_5.tar.bz2#378f2260e871f3ea46c6fa58d9f05277
https://conda.anaconda.org/conda-forge/noarch/python-dateutil-2.8.2-pyhd8ed1ab_0.tar.bz2#dd999d1cc9f79e67dbb855c8924c7984
https://conda.anaconda.org/conda-forge/linux-64/python-xxhash-3.0.0-py310h5764c6d_1.tar.bz2#b6f54b7c4177a745d5e6e4319282253a
https://conda.anaconda.org/conda-forge/linux-64/pyyaml-6.0-py310h5764c6d_4.tar.bz2#505dcf6be997e732d7a33831950dc3cf
https://conda.anaconda.org/conda-forge/linux-64/ruamel.yaml.clib-0.2.6-py310h5764c6d_1.tar.bz2#d1041635380788549a925fc30cd5815c
https://conda.anaconda.org/conda-forge/linux-64/setuptools-62.0.0-py310hff52083_0.tar.bz2#ed4d017b618853b0598f75a213c3ad3a
https://conda.anaconda.org/conda-forge/linux-64/simplejson-3.17.6-py310h5764c6d_1.tar.bz2#3374b66ff84cf3d5a542768a2ee3902c
https://conda.anaconda.org/conda-forge/linux-64/tiledb-2.7.2-h1e4a385_0.tar.bz2#7ed84e0315e9d1b1620a881f1f7e22fc
https://conda.anaconda.org/conda-forge/linux-64/tornado-6.1-py310h5764c6d_3.tar.bz2#8a5770e6392d29d99c9bc9c3635bba60
https://conda.anaconda.org/conda-forge/linux-64/unicodedata2-14.0.0-py310h5764c6d_1.tar.bz2#791689ce9e578e2e83b635974af61743
https://conda.anaconda.org/conda-forge/linux-64/xorg-libxaw-1.0.14-h7f98852_1.tar.bz2#45b68dc2fc7549c16044d533ceaf340e
https://conda.anaconda.org/conda-forge/noarch/zict-2.1.0-pyhd8ed1ab_0.tar.bz2#ff4e65768f39040f71cce422799d0f41
https://conda.anaconda.org/conda-forge/linux-64/brotlipy-0.7.0-py310h5764c6d_1004.tar.bz2#6499bb11b7feffb63b26847fc9181319
https://conda.anaconda.org/conda-forge/linux-64/cftime-1.6.0-py310hde88566_1.tar.bz2#e9505227ecb7a00a4a9fffc7a9a98d14
https://conda.anaconda.org/conda-forge/noarch/click-plugins-1.1.1-py_0.tar.bz2#4fd2c6b53934bd7d96d1f3fdaf99b79f
https://conda.anaconda.org/conda-forge/noarch/cligj-0.7.2-pyhd8ed1ab_1.tar.bz2#a29b7c141d6b2de4bb67788a5f107734
https://conda.anaconda.org/conda-forge/linux-64/cryptography-36.0.2-py310h597c629_1.tar.bz2#e8c95a1b5542c95fc054e9ace7269708
https://conda.anaconda.org/conda-forge/noarch/dask-core-2022.4.0-pyhd8ed1ab_0.tar.bz2#a47051950a34bef40d8369a5f320b78d
https://conda.anaconda.org/conda-forge/linux-64/fonttools-4.32.0-py310h5764c6d_0.tar.bz2#4609d2223c5cb6da5e622baf5393e160
https://conda.anaconda.org/conda-forge/linux-64/harfbuzz-4.2.0-h40b6f09_0.tar.bz2#017b20e7e98860f0bfa7492ce16390a7
https://conda.anaconda.org/conda-forge/linux-64/jasper-2.0.33-ha77e612_0.tar.bz2#054883e8ea7142e89bcbec08b5d401ea
https://conda.anaconda.org/conda-forge/noarch/jinja2-3.1.1-pyhd8ed1ab_0.tar.bz2#40b3f446c61729cdd21ed9d85627df6e
https://conda.anaconda.org/conda-forge/noarch/joblib-1.1.0-pyhd8ed1ab_0.tar.bz2#07d1b5c8cde14d95998fd4767e1e62d2
https://conda.anaconda.org/conda-forge/linux-64/julia-1.7.2-h35b96e5_1.tar.bz2#b260974e54b8a97291ad9378f6250aea
https://conda.anaconda.org/conda-forge/noarch/magics-python-1.5.6-pyhd8ed1ab_0.tar.bz2#5eed8c0182e7decdc130b175370fce1d
https://conda.anaconda.org/conda-forge/noarch/munch-2.5.0-py_0.tar.bz2#31d9e9be500e25ff0050bc9f57a6bcd7
https://conda.anaconda.org/conda-forge/linux-64/netcdf-fortran-4.5.4-mpi_mpich_h1364a43_0.tar.bz2#b6ba4f487ef9fd5d353ff277df06d133
https://conda.anaconda.org/conda-forge/linux-64/pandas-1.4.2-py310h769672d_1.tar.bz2#b25e65d00288c8165ab46d67872a74ec
https://conda.anaconda.org/conda-forge/noarch/pip-22.0.4-pyhd8ed1ab_0.tar.bz2#b1239ce8ef2a1eec485c398a683c5bff
https://conda.anaconda.org/conda-forge/linux-64/poppler-22.01.0-h1434ded_2.tar.bz2#85d8750bb8139ef061302511bf471c21
https://conda.anaconda.org/conda-forge/noarch/pybtex-0.24.0-pyhd8ed1ab_2.tar.bz2#2099b86a7399c44c0c61cdb6de6915ba
https://conda.anaconda.org/conda-forge/linux-64/pyproj-3.3.0-py310h9bf108f_2.tar.bz2#6fce0ac18dce893dccbd1e78866ab294
https://conda.anaconda.org/conda-forge/linux-64/python-stratify-0.2.post0-py310hde88566_1.tar.bz2#b9d9c5c706117e23e7b1745439c718b5
https://conda.anaconda.org/conda-forge/noarch/rdflib-6.1.1-pyhd8ed1ab_0.tar.bz2#5371e325aeb6ecf646a66298c44ed4a6
https://conda.anaconda.org/conda-forge/linux-64/ruamel.yaml-0.17.21-py310h5764c6d_1.tar.bz2#4fbfd9a04f43ab4e8c5304a5426f45ad
https://conda.anaconda.org/conda-forge/linux-64/scipy-1.8.0-py310hea5193d_1.tar.bz2#664d80ddeb51241629b3ada5ea926e4d
https://conda.anaconda.org/conda-forge/linux-64/shapely-1.8.0-py310hb974679_6.tar.bz2#74331e38a90e0e4b97539cc477736601
https://conda.anaconda.org/conda-forge/noarch/snuggs-1.4.7-py_0.tar.bz2#cb83a3d6ecf73f50117635192414426a
https://conda.anaconda.org/conda-forge/linux-64/tempest-remap-2.1.1-hfda0864_0.tar.bz2#40f5c1202ef46deb4b1add4b2eeedbdb
https://conda.anaconda.org/conda-forge/noarch/yamale-4.0.4-pyh6c4a22f_0.tar.bz2#cc9f59f147740d88679bf1bd94dbe588
https://conda.anaconda.org/conda-forge/linux-64/bokeh-2.4.2-py310hff52083_0.tar.bz2#f45977a54a5ded55a6b6844524f630d1
https://conda.anaconda.org/conda-forge/linux-64/cf-units-3.0.1-py310h96516ba_2.tar.bz2#595f4a5a69f91cd0f72e75417c2eeedb
https://conda.anaconda.org/conda-forge/linux-64/eccodes-2.25.0-hc08acdf_0.tar.bz2#b7b2677cdf0fe54885d72280ecff58af
https://conda.anaconda.org/conda-forge/linux-64/esmf-8.2.0-mpi_mpich_h4975321_100.tar.bz2#56f5c650937b1667ad0a557a0dff3bc4
https://conda.anaconda.org/conda-forge/linux-64/libgdal-3.4.2-hd724a2d_4.tar.bz2#af7c04601882044a6762117a543a1c34
https://conda.anaconda.org/conda-forge/linux-64/matplotlib-base-3.5.1-py310h23f4a51_0.tar.bz2#30df276308bb54aa802eacac35798595
https://conda.anaconda.org/conda-forge/linux-64/netcdf4-1.5.8-nompi_py310hd7ca5b8_101.tar.bz2#39f597922f7db648da47b67829d71280
https://conda.anaconda.org/conda-forge/linux-64/pango-1.50.6-hbd2fdc8_0.tar.bz2#129c70116050ccf66b362ca3203fb660
https://conda.anaconda.org/conda-forge/noarch/pyopenssl-22.0.0-pyhd8ed1ab_0.tar.bz2#1d7e241dfaf5475e893d4b824bb71b44
https://conda.anaconda.org/conda-forge/linux-64/scikit-learn-1.0.2-py310h1246948_0.tar.bz2#c930949cd0b2dc2d022cb1161a2ff701
https://conda.anaconda.org/conda-forge/linux-64/cartopy-0.20.2-py310hb89acbc_4.tar.bz2#bbe9747497db922d589bd721b99a517f
https://conda.anaconda.org/conda-forge/linux-64/esmpy-8.2.0-mpi_mpich_py310hd9c82d4_101.tar.bz2#0333d51ee594be40f50b157ac6f27b5a
https://conda.anaconda.org/conda-forge/linux-64/gdal-3.4.2-py310hce6f0df_4.tar.bz2#4f75112877e0f3e232091abed774ebb8
https://conda.anaconda.org/conda-forge/linux-64/gtk2-2.24.33-h90689f9_2.tar.bz2#957a0255ab58aaf394a91725d73ab422
https://conda.anaconda.org/conda-forge/linux-64/librsvg-2.52.5-h0a9e6e8_3.tar.bz2#a08562889b985d021550e22443cf0fce
https://conda.anaconda.org/conda-forge/linux-64/magics-4.11.0-he381006_1.tar.bz2#a1c43ba535e0792e5dfd3ec6228945ee
https://conda.anaconda.org/conda-forge/noarch/myproxyclient-2.1.0-pyhd8ed1ab_2.tar.bz2#363b0816e411feb0df925d4f224f026a
https://conda.anaconda.org/conda-forge/noarch/nc-time-axis-1.4.0-pyhd8ed1ab_0.tar.bz2#9113b4e4fa2fa4a7f129c71a6f319475
https://conda.anaconda.org/conda-forge/linux-64/ncl-6.6.2-h116a55f_38.tar.bz2#56a916c2efb80da6b2a7d453eb93e673
https://conda.anaconda.org/conda-forge/linux-64/nco-5.0.6-hcfc2ecc_0.tar.bz2#885167600f95c12becacd8a20c2cf15c
https://conda.anaconda.org/conda-forge/noarch/networkx-2.8-pyhd8ed1ab_0.tar.bz2#f23297b9fa680ba13f9fdfba58bb3064
https://conda.anaconda.org/conda-forge/linux-64/py-xgboost-1.5.1-cpu_py310hd1aba9c_2.tar.bz2#432a7dd663c6f65cfa03ffe5a0ac688e
https://conda.anaconda.org/conda-forge/linux-64/r-base-4.1.3-hd930d0e_0.tar.bz2#20416509b2fa7c09fb04cd0af651ad24
https://conda.anaconda.org/conda-forge/linux-64/rasterio-1.2.10-py310hdadb6e9_5.tar.bz2#d461ed34ff6a4520e92cd45b50f59854
https://conda.anaconda.org/conda-forge/noarch/urllib3-1.26.9-pyhd8ed1ab_0.tar.bz2#0ea179ee251aa7100807c35bc0252693
https://conda.anaconda.org/conda-forge/linux-64/cdo-2.0.5-h2e6804c_0.tar.bz2#53aa1aca1a210fc72867094c3168d2d0
https://conda.anaconda.org/conda-forge/noarch/distributed-2022.4.0-pyhd8ed1ab_0.tar.bz2#e138181907686b822f4949b0f29cd29d
https://conda.anaconda.org/conda-forge/linux-64/fiona-1.8.21-py310h35effa4_1.tar.bz2#8f5d4789428ab12b0de575cf5018ad5f
https://conda.anaconda.org/conda-forge/linux-64/graphviz-3.0.0-h5abf519_1.tar.bz2#fcaf13b2713335ff871ba551d5bda679
https://conda.anaconda.org/conda-forge/noarch/iris-3.1.0-pyhd8ed1ab_3.tar.bz2#3cfd9ca2f6f9b03e0ca1f23cbd323e2a
https://conda.anaconda.org/conda-forge/linux-64/r-backports-1.4.1-r41hcfec24a_0.tar.bz2#f431d585821313884e52d64b5ef0d8cd
https://conda.anaconda.org/conda-forge/linux-64/r-brio-1.1.3-r41hcfec24a_0.tar.bz2#8b244d9227122b63ca1191228e1e31c9
https://conda.anaconda.org/conda-forge/noarch/r-codetools-0.2_18-r41hc72bb7e_0.tar.bz2#75bcb5a3087ce83b46137aa732d3ed00
https://conda.anaconda.org/conda-forge/noarch/r-crayon-1.5.1-r41hc72bb7e_0.tar.bz2#ac6c74e4a346d5aab9d8eac94b32bf62
https://conda.anaconda.org/conda-forge/linux-64/r-curl-4.3.2-r41hcfec24a_0.tar.bz2#18de0d29e4da1b0c3d2200896a7c5cf8
https://conda.anaconda.org/conda-forge/linux-64/r-digest-0.6.29-r41h03ef668_0.tar.bz2#9b5bcee4e903920236c5911fdd3478d8
https://conda.anaconda.org/conda-forge/noarch/r-docopt-0.7.1-r41hc72bb7e_1.tar.bz2#44b9500be22cf4984b6b18137b84ce6a
https://conda.anaconda.org/conda-forge/noarch/r-evaluate-0.15-r41hc72bb7e_0.tar.bz2#c85313c76eb5e48dc016402d32567494
https://conda.anaconda.org/conda-forge/linux-64/r-fansi-1.0.3-r41h06615bd_0.tar.bz2#f7eb22307beab0fdd027497ad586238d
https://conda.anaconda.org/conda-forge/linux-64/r-git2r-0.30.1-r41h96773ce_0.tar.bz2#45bcf860b4efdf8f7d8bf76280560ab7
https://conda.anaconda.org/conda-forge/linux-64/r-glue-1.6.2-r41h06615bd_0.tar.bz2#ac6fda8a0ebf198ee98252c60146c548
https://conda.anaconda.org/conda-forge/linux-64/r-jsonlite-1.8.0-r41h06615bd_0.tar.bz2#4d063eba6eabed26214bb23f18f891d2
https://conda.anaconda.org/conda-forge/linux-64/r-lazyeval-0.2.2-r41hcfec24a_2.tar.bz2#bd92cb1db1aafaf10d434b910f666eab
https://conda.anaconda.org/conda-forge/linux-64/r-magrittr-2.0.3-r41h06615bd_0.tar.bz2#08ef457aa9684c94036fb5e9e2753a9f
https://conda.anaconda.org/conda-forge/linux-64/r-mime-0.12-r41hcfec24a_0.tar.bz2#f40c9f8645ea54ce0709a5436d569e2d
https://conda.anaconda.org/conda-forge/noarch/r-pkgconfig-2.0.3-r41hc72bb7e_1.tar.bz2#2c4f78477753ad83700a1f9d605a3002
https://conda.anaconda.org/conda-forge/noarch/r-praise-1.0.0-r41hc72bb7e_1005.tar.bz2#39585efa1172490943314141c133467b
https://conda.anaconda.org/conda-forge/linux-64/r-ps-1.6.0-r41hcfec24a_0.tar.bz2#07c55f06d88324b90bdc1c100d576358
https://conda.anaconda.org/conda-forge/noarch/r-r.methodss3-1.8.1-r41hc72bb7e_0.tar.bz2#61bb85269ac5ad2e5ca647cb23678aab
https://conda.anaconda.org/conda-forge/noarch/r-r6-2.5.1-r41hc72bb7e_0.tar.bz2#a560798c2d5ab0dbb30feddc6b8e63fb
https://conda.anaconda.org/conda-forge/linux-64/r-rcpp-1.0.8.3-r41h7525677_0.tar.bz2#b2f22babc8dab3df78d27848e7489127
https://conda.anaconda.org/conda-forge/noarch/r-remotes-2.4.2-r41hc72bb7e_0.tar.bz2#c41802db474bb317ad1d704a50edc025
https://conda.anaconda.org/conda-forge/linux-64/r-rlang-1.0.2-r41h7525677_0.tar.bz2#1fd8d28780bb7ee96eb7dbf408dc1bfe
https://conda.anaconda.org/conda-forge/noarch/r-rstudioapi-0.13-r41hc72bb7e_0.tar.bz2#2918956e6f337e209b6f7582b99cfdfa
https://conda.anaconda.org/conda-forge/linux-64/r-stringdist-0.9.8-r41hcfec24a_1.tar.bz2#2c7acff90f4529d942e9f3bf249d4541
https://conda.anaconda.org/conda-forge/linux-64/r-stringi-1.7.6-r41h337692f_1.tar.bz2#38f582ec90177170e5699d3dd1cce076
https://conda.anaconda.org/conda-forge/linux-64/r-sys-3.4-r41hcfec24a_0.tar.bz2#bdf70442cc075fb748f874f4ebe922a8
https://conda.anaconda.org/conda-forge/linux-64/r-udunits2-0.13.2.1-r41h06615bd_0.tar.bz2#4a765d9541c1f8485e7d43575ad51a0c
https://conda.anaconda.org/conda-forge/linux-64/r-utf8-1.2.2-r41hcfec24a_0.tar.bz2#3b958ecf41127b730cc0f0865cc8953e
https://conda.anaconda.org/conda-forge/noarch/r-withr-2.5.0-r41hc72bb7e_0.tar.bz2#53558bed67c14dc998209e5a567b6cfd
https://conda.anaconda.org/conda-forge/linux-64/r-xfun-0.30-r41h7525677_0.tar.bz2#6f5a9a42958a9a42045e085c5574ca91
https://conda.anaconda.org/conda-forge/noarch/r-xmlparsedata-1.0.5-r41hc72bb7e_0.tar.bz2#2e532e4a560c703602b75cdc78c0ae86
https://conda.anaconda.org/conda-forge/linux-64/r-yaml-2.3.5-r41h06615bd_0.tar.bz2#69d70ac4bc847a644f793dda88e3b725
https://conda.anaconda.org/conda-forge/noarch/requests-2.27.1-pyhd8ed1ab_0.tar.bz2#7c1c427246b057b8fa97200ecdb2ed62
https://conda.anaconda.org/conda-forge/linux-64/xgboost-1.5.1-cpu_py310hd1aba9c_2.tar.bz2#43aae5ea3093187df973a8c6ce16b026
https://conda.anaconda.org/conda-forge/noarch/dask-2022.4.0-pyhd8ed1ab_0.tar.bz2#f41eb682b6f8399bea6a5cfac98a246c
https://conda.anaconda.org/conda-forge/linux-64/imagemagick-7.1.0_29-pl5321heb7c40d_0.tar.bz2#5c2b2a25278de78265eadb9e8263d1d2
https://conda.anaconda.org/conda-forge/linux-64/pydot-1.4.2-py310hff52083_1.tar.bz2#621323bae66bbb2f45aa01ba71d4403a
https://conda.anaconda.org/conda-forge/noarch/python-cdo-1.5.6-pyhd8ed1ab_0.tar.bz2#09bb24ec892891d7c9a7aaa5cdf59022
https://conda.anaconda.org/conda-forge/linux-64/r-askpass-1.1-r41hcfec24a_2.tar.bz2#58e1d05890607b8534f1933bbc847901
https://conda.anaconda.org/conda-forge/linux-64/r-cli-3.2.0-r41h03ef668_0.tar.bz2#9bff7057cdf8033492322101b7c1240b
https://conda.anaconda.org/conda-forge/linux-64/r-diffobj-0.3.5-r41hcfec24a_0.tar.bz2#01693a46ed0b5a2e355aefdffc626d67
https://conda.anaconda.org/conda-forge/linux-64/r-ellipsis-0.3.2-r41hcfec24a_0.tar.bz2#44d25949d98811e21e9d19527b6e3cfe
https://conda.anaconda.org/conda-forge/noarch/r-highr-0.9-r41hc72bb7e_0.tar.bz2#ee521053a1f3be94e20386f0c8cb58e5
https://conda.anaconda.org/conda-forge/noarch/r-lifecycle-1.0.1-r41hc72bb7e_0.tar.bz2#c7f563a8fc6d5d9c52da2e390fa5f856
https://conda.anaconda.org/conda-forge/linux-64/r-processx-3.5.3-r41h06615bd_0.tar.bz2#81cfc86e1a97847a1ebf706fcc37e515
https://conda.anaconda.org/conda-forge/linux-64/r-purrr-0.3.4-r41hcfec24a_1.tar.bz2#9f37c72ac24f3c9429e0eafcc1777463
https://conda.anaconda.org/conda-forge/noarch/r-r.oo-1.24.0-r41hc72bb7e_0.tar.bz2#d29c9484133a208301b53ccb3c7b0269
https://conda.anaconda.org/conda-forge/noarch/r-rex-1.2.1-r41hc72bb7e_0.tar.bz2#97192e56fb5e683090f013e3f0812a4c
https://conda.anaconda.org/conda-forge/noarch/r-rprojroot-2.0.3-r41hc72bb7e_0.tar.bz2#4c97577b6f80853234f34b548d8140ec
https://conda.anaconda.org/conda-forge/noarch/r-stringr-1.4.0-r41hc72bb7e_2.tar.bz2#9391bbf23da6c4da4c2fe0c811e6f7ce
https://conda.anaconda.org/conda-forge/linux-64/r-xml2-1.3.3-r41h03ef668_0.tar.bz2#a5a9e379142206f85fc106d26918ae18
https://conda.anaconda.org/conda-forge/noarch/requests_cache-0.4.13-py_0.tar.bz2#f823f9ba74df2c9a2fe0932501b41150
https://conda.anaconda.org/conda-forge/noarch/esgf-pyclient-0.3.1-pyh6c4a22f_1.tar.bz2#ca750cf2d38b14dd944de4c7e4720c8f
https://conda.anaconda.org/conda-forge/noarch/prov-2.0.0-pyhd3deb0d_0.tar.bz2#aa9b3ad140f6c0668c646f32e20ccf82
https://conda.anaconda.org/conda-forge/noarch/r-callr-3.7.0-r41hc72bb7e_0.tar.bz2#d27c5bc38ea47068c3e4b85313553767
https://conda.anaconda.org/conda-forge/noarch/r-desc-1.4.1-r41hc72bb7e_0.tar.bz2#259389838e07898dbc82ae38fba42541
https://conda.anaconda.org/conda-forge/noarch/r-knitr-1.38-r41hc72bb7e_0.tar.bz2#2fb6ecf6936413ade66be6ef299c6287
https://conda.anaconda.org/conda-forge/linux-64/r-openssl-2.0.0-r41hfaab4ff_0.tar.bz2#b672407692d77404e286cd7726c4f365
https://conda.anaconda.org/conda-forge/noarch/r-r.utils-2.11.0-r41hc72bb7e_0.tar.bz2#6bcd873848899d621a61a4f81dd4e550
https://conda.anaconda.org/conda-forge/linux-64/r-vctrs-0.4.0-r41h7525677_0.tar.bz2#52b35d61929e7a7f8c6f4a54977afeb3
https://conda.anaconda.org/conda-forge/noarch/esmvalcore-2.5.0-pyhd8ed1ab_0.tar.bz2#8fba190cfa700b233a9edd647eeae6c2
https://conda.anaconda.org/conda-forge/noarch/r-cyclocomp-1.1.0-r41hc72bb7e_1004.tar.bz2#1ada20fcc4603a3844d8008c7ba0f0ae
https://conda.anaconda.org/conda-forge/noarch/r-httr-1.4.2-r41hc72bb7e_0.tar.bz2#ca862c0c99f5754015b5bb218e08faad
https://conda.anaconda.org/conda-forge/noarch/r-pillar-1.7.0-r41hc72bb7e_0.tar.bz2#2451c20cf1ed7efdcad45d8f5a8eff27
https://conda.anaconda.org/conda-forge/linux-64/r-pkgload-1.2.4-r41h03ef668_0.tar.bz2#86f05eacdc1a8caedd4bc5e79c19a196
https://conda.anaconda.org/conda-forge/noarch/r-r.cache-0.15.0-r41hc72bb7e_0.tar.bz2#14f2cdab1274b5e15661c3742eadef4a
https://conda.anaconda.org/conda-forge/linux-64/r-tibble-3.1.6-r41hcfec24a_0.tar.bz2#c9537791a8aeaec685d38494eed320ac
https://conda.anaconda.org/conda-forge/noarch/r-rematch2-2.1.2-r41hc72bb7e_1.tar.bz2#5c26fbf849007fc5022745ec14e38822
https://conda.anaconda.org/conda-forge/noarch/r-styler-1.7.0-r41hc72bb7e_0.tar.bz2#e7357a807dfb0a9e8179ac21dcfc94c0
https://conda.anaconda.org/conda-forge/noarch/r-waldo-0.4.0-r41hc72bb7e_0.tar.bz2#974972fb4e38703ed8e1722f45600e8b
https://conda.anaconda.org/conda-forge/linux-64/r-testthat-3.1.3-r41h7525677_0.tar.bz2#cd9d98c64f18e9007a7888aa2d318e74
https://conda.anaconda.org/conda-forge/noarch/r-lintr-2.0.1-r41hc72bb7e_1.tar.bz2#a5d4f7a6d4ebfac2933dfe5172b6f7a9
